// !$*UTF8*$!
{
	archiveVersion = 1;
	classes = {
	};
	objectVersion = 48;
	objects = {

/* Begin PBXBuildFile section */
		1893679E2068D39A007620CF /* AppDelegate.m in Sources */ = {isa = PBXBuildFile; fileRef = 1893679D2068D39A007620CF /* AppDelegate.m */; };
		189367A12068D39A007620CF /* ViewController.m in Sources */ = {isa = PBXBuildFile; fileRef = 189367A02068D39A007620CF /* ViewController.m */; };
		189367A42068D39A007620CF /* Main.storyboard in Resources */ = {isa = PBXBuildFile; fileRef = 189367A22068D39A007620CF /* Main.storyboard */; };
		189367A62068D39A007620CF /* Assets.xcassets in Resources */ = {isa = PBXBuildFile; fileRef = 189367A52068D39A007620CF /* Assets.xcassets */; };
		189367A92068D39A007620CF /* LaunchScreen.storyboard in Resources */ = {isa = PBXBuildFile; fileRef = 189367A72068D39A007620CF /* LaunchScreen.storyboard */; };
		189367AC2068D39A007620CF /* main.m in Sources */ = {isa = PBXBuildFile; fileRef = 189367AB2068D39A007620CF /* main.m */; };
		189367B62068D39B007620CF /* GatherUITests.m in Sources */ = {isa = PBXBuildFile; fileRef = 189367B52068D39B007620CF /* GatherUITests.m */; };
		18CF827E2069DC1D00236F08 /* GatherBaseView.m in Sources */ = {isa = PBXBuildFile; fileRef = 18CF827D2069DC1D00236F08 /* GatherBaseView.m */; };
		18CF82812069DC3C00236F08 /* GatherBaseViewController.m in Sources */ = {isa = PBXBuildFile; fileRef = 18CF82802069DC3C00236F08 /* GatherBaseViewController.m */; };
		18CF828E2069F42F00236F08 /* UINavigationController+FDFullscreenPopGesture.m in Sources */ = {isa = PBXBuildFile; fileRef = 18CF828D2069F42F00236F08 /* UINavigationController+FDFullscreenPopGesture.m */; };
		BE5D2AAE548A587266B63989 /* libPods-GatherUITests.a in Frameworks */ = {isa = PBXBuildFile; fileRef = 779C4EFB96A019BDD94B154D /* libPods-GatherUITests.a */; };
		E766DE88175FF7834D500D24 /* libPods-Gather.a in Frameworks */ = {isa = PBXBuildFile; fileRef = 47A80CCA4ACA27D50D127607 /* libPods-Gather.a */; };
/* End PBXBuildFile section */

/* Begin PBXContainerItemProxy section */
		189367B22068D39B007620CF /* PBXContainerItemProxy */ = {
			isa = PBXContainerItemProxy;
			containerPortal = 189367912068D39A007620CF /* Project object */;
			proxyType = 1;
			remoteGlobalIDString = 189367982068D39A007620CF;
			remoteInfo = Gather;
		};
/* End PBXContainerItemProxy section */

/* Begin PBXFileReference section */
		189367992068D39A007620CF /* Gather.app */ = {isa = PBXFileReference; explicitFileType = wrapper.application; includeInIndex = 0; path = Gather.app; sourceTree = BUILT_PRODUCTS_DIR; };
		1893679C2068D39A007620CF /* AppDelegate.h */ = {isa = PBXFileReference; lastKnownFileType = sourcecode.c.h; path = AppDelegate.h; sourceTree = "<group>"; };
		1893679D2068D39A007620CF /* AppDelegate.m */ = {isa = PBXFileReference; lastKnownFileType = sourcecode.c.objc; path = AppDelegate.m; sourceTree = "<group>"; };
		1893679F2068D39A007620CF /* ViewController.h */ = {isa = PBXFileReference; lastKnownFileType = sourcecode.c.h; path = ViewController.h; sourceTree = "<group>"; };
		189367A02068D39A007620CF /* ViewController.m */ = {isa = PBXFileReference; lastKnownFileType = sourcecode.c.objc; path = ViewController.m; sourceTree = "<group>"; };
		189367A32068D39A007620CF /* Base */ = {isa = PBXFileReference; lastKnownFileType = file.storyboard; name = Base; path = Base.lproj/Main.storyboard; sourceTree = "<group>"; };
		189367A52068D39A007620CF /* Assets.xcassets */ = {isa = PBXFileReference; lastKnownFileType = folder.assetcatalog; path = Assets.xcassets; sourceTree = "<group>"; };
		189367A82068D39A007620CF /* Base */ = {isa = PBXFileReference; lastKnownFileType = file.storyboard; name = Base; path = Base.lproj/LaunchScreen.storyboard; sourceTree = "<group>"; };
		189367AA2068D39A007620CF /* Info.plist */ = {isa = PBXFileReference; lastKnownFileType = text.plist.xml; path = Info.plist; sourceTree = "<group>"; };
		189367AB2068D39A007620CF /* main.m */ = {isa = PBXFileReference; lastKnownFileType = sourcecode.c.objc; path = main.m; sourceTree = "<group>"; };
		189367B12068D39B007620CF /* GatherUITests.xctest */ = {isa = PBXFileReference; explicitFileType = wrapper.cfbundle; includeInIndex = 0; path = GatherUITests.xctest; sourceTree = BUILT_PRODUCTS_DIR; };
		189367B52068D39B007620CF /* GatherUITests.m */ = {isa = PBXFileReference; lastKnownFileType = sourcecode.c.objc; path = GatherUITests.m; sourceTree = "<group>"; };
		189367B72068D39B007620CF /* Info.plist */ = {isa = PBXFileReference; lastKnownFileType = text.plist.xml; path = Info.plist; sourceTree = "<group>"; };
		18CF827C2069DC1D00236F08 /* GatherBaseView.h */ = {isa = PBXFileReference; lastKnownFileType = sourcecode.c.h; path = GatherBaseView.h; sourceTree = "<group>"; };
		18CF827D2069DC1D00236F08 /* GatherBaseView.m */ = {isa = PBXFileReference; lastKnownFileType = sourcecode.c.objc; path = GatherBaseView.m; sourceTree = "<group>"; };
		18CF827F2069DC3C00236F08 /* GatherBaseViewController.h */ = {isa = PBXFileReference; lastKnownFileType = sourcecode.c.h; path = GatherBaseViewController.h; sourceTree = "<group>"; };
		18CF82802069DC3C00236F08 /* GatherBaseViewController.m */ = {isa = PBXFileReference; lastKnownFileType = sourcecode.c.objc; path = GatherBaseViewController.m; sourceTree = "<group>"; };
		18CF82892069ED9900236F08 /* GatherAppHeader.pch */ = {isa = PBXFileReference; lastKnownFileType = sourcecode.c.h; path = GatherAppHeader.pch; sourceTree = "<group>"; };
		18CF828A2069F28300236F08 /* NetWorkHeader.pch */ = {isa = PBXFileReference; lastKnownFileType = sourcecode.c.h; path = NetWorkHeader.pch; sourceTree = "<group>"; };
		18CF828B2069F2AE00236F08 /* YWMacros.pch */ = {isa = PBXFileReference; lastKnownFileType = sourcecode.c.h; path = YWMacros.pch; sourceTree = "<group>"; };
		18CF828C2069F42F00236F08 /* UINavigationController+FDFullscreenPopGesture.h */ = {isa = PBXFileReference; fileEncoding = 4; lastKnownFileType = sourcecode.c.h; path = "UINavigationController+FDFullscreenPopGesture.h"; sourceTree = "<group>"; };
		18CF828D2069F42F00236F08 /* UINavigationController+FDFullscreenPopGesture.m */ = {isa = PBXFileReference; fileEncoding = 4; lastKnownFileType = sourcecode.c.objc; path = "UINavigationController+FDFullscreenPopGesture.m"; sourceTree = "<group>"; };
		47A80CCA4ACA27D50D127607 /* libPods-Gather.a */ = {isa = PBXFileReference; explicitFileType = archive.ar; includeInIndex = 0; path = "libPods-Gather.a"; sourceTree = BUILT_PRODUCTS_DIR; };
		66AA26D298B30234E2B3C3EE /* Pods-GatherUITests.debug.xcconfig */ = {isa = PBXFileReference; includeInIndex = 1; lastKnownFileType = text.xcconfig; name = "Pods-GatherUITests.debug.xcconfig"; path = "Pods/Target Support Files/Pods-GatherUITests/Pods-GatherUITests.debug.xcconfig"; sourceTree = "<group>"; };
		779C4EFB96A019BDD94B154D /* libPods-GatherUITests.a */ = {isa = PBXFileReference; explicitFileType = archive.ar; includeInIndex = 0; path = "libPods-GatherUITests.a"; sourceTree = BUILT_PRODUCTS_DIR; };
		DBD2CE4B5E37486C75DABC65 /* Pods-Gather.release.xcconfig */ = {isa = PBXFileReference; includeInIndex = 1; lastKnownFileType = text.xcconfig; name = "Pods-Gather.release.xcconfig"; path = "Pods/Target Support Files/Pods-Gather/Pods-Gather.release.xcconfig"; sourceTree = "<group>"; };
		EF5460021C1C8ED5D4E459CD /* Pods-GatherUITests.release.xcconfig */ = {isa = PBXFileReference; includeInIndex = 1; lastKnownFileType = text.xcconfig; name = "Pods-GatherUITests.release.xcconfig"; path = "Pods/Target Support Files/Pods-GatherUITests/Pods-GatherUITests.release.xcconfig"; sourceTree = "<group>"; };
		F1302AC746893F1410C670EA /* Pods-Gather.debug.xcconfig */ = {isa = PBXFileReference; includeInIndex = 1; lastKnownFileType = text.xcconfig; name = "Pods-Gather.debug.xcconfig"; path = "Pods/Target Support Files/Pods-Gather/Pods-Gather.debug.xcconfig"; sourceTree = "<group>"; };
/* End PBXFileReference section */

/* Begin PBXFrameworksBuildPhase section */
		189367962068D39A007620CF /* Frameworks */ = {
			isa = PBXFrameworksBuildPhase;
			buildActionMask = 2147483647;
			files = (
				E766DE88175FF7834D500D24 /* libPods-Gather.a in Frameworks */,
			);
			runOnlyForDeploymentPostprocessing = 0;
		};
		189367AE2068D39B007620CF /* Frameworks */ = {
			isa = PBXFrameworksBuildPhase;
			buildActionMask = 2147483647;
			files = (
				BE5D2AAE548A587266B63989 /* libPods-GatherUITests.a in Frameworks */,
			);
			runOnlyForDeploymentPostprocessing = 0;
		};
/* End PBXFrameworksBuildPhase section */

/* Begin PBXGroup section */
		189367902068D39A007620CF = {
			isa = PBXGroup;
			children = (
				1893679B2068D39A007620CF /* Gather */,
				189367B42068D39B007620CF /* GatherUITests */,
				1893679A2068D39A007620CF /* Products */,
				41590C3CF56FF3AA55814804 /* Pods */,
				6690934E0EB79D56D7D148D0 /* Frameworks */,
			);
			sourceTree = "<group>";
		};
		1893679A2068D39A007620CF /* Products */ = {
			isa = PBXGroup;
			children = (
				189367992068D39A007620CF /* Gather.app */,
				189367B12068D39B007620CF /* GatherUITests.xctest */,
			);
			name = Products;
			sourceTree = "<group>";
		};
		1893679B2068D39A007620CF /* Gather */ = {
			isa = PBXGroup;
			children = (
				18CF82742069DAEB00236F08 /* Main */,
				18CF82822069E78700236F08 /* GatherThreePaty */,
				18CF82832069E78700236F08 /* GatherTools */,
				18CF82752069DB1500236F08 /* GatherBase */,
			);
			path = Gather;
			sourceTree = "<group>";
		};
		189367B42068D39B007620CF /* GatherUITests */ = {
			isa = PBXGroup;
			children = (
				189367B52068D39B007620CF /* GatherUITests.m */,
				189367B72068D39B007620CF /* Info.plist */,
			);
			path = GatherUITests;
			sourceTree = "<group>";
		};
		18CF82742069DAEB00236F08 /* Main */ = {
			isa = PBXGroup;
			children = (
				1893679C2068D39A007620CF /* AppDelegate.h */,
				1893679D2068D39A007620CF /* AppDelegate.m */,
				1893679F2068D39A007620CF /* ViewController.h */,
				189367A02068D39A007620CF /* ViewController.m */,
				189367A22068D39A007620CF /* Main.storyboard */,
				189367A52068D39A007620CF /* Assets.xcassets */,
				189367A72068D39A007620CF /* LaunchScreen.storyboard */,
				189367AA2068D39A007620CF /* Info.plist */,
				189367AB2068D39A007620CF /* main.m */,
				18CF82882069ED7600236F08 /* PCH */,
			);
			name = Main;
			sourceTree = "<group>";
		};
		18CF82752069DB1500236F08 /* GatherBase */ = {
			isa = PBXGroup;
			children = (
				18CF82792069DB5400236F08 /* GatherController */,
				18CF82772069DB5400236F08 /* GatherView */,
				18CF828F2069F8EC00236F08 /* GatherModel */,
			);
			path = GatherBase;
			sourceTree = "<group>";
		};
		18CF82772069DB5400236F08 /* GatherView */ = {
			isa = PBXGroup;
			children = (
				18CF827C2069DC1D00236F08 /* GatherBaseView.h */,
				18CF827D2069DC1D00236F08 /* GatherBaseView.m */,
			);
			path = GatherView;
			sourceTree = "<group>";
		};
		18CF82792069DB5400236F08 /* GatherController */ = {
			isa = PBXGroup;
			children = (
				18CF827F2069DC3C00236F08 /* GatherBaseViewController.h */,
				18CF82802069DC3C00236F08 /* GatherBaseViewController.m */,
			);
			path = GatherController;
			sourceTree = "<group>";
		};
		18CF82822069E78700236F08 /* GatherThreePaty */ = {
			isa = PBXGroup;
			children = (
			);
			path = GatherThreePaty;
			sourceTree = "<group>";
		};
		18CF82832069E78700236F08 /* GatherTools */ = {
			isa = PBXGroup;
			children = (
				18CF82842069E79900236F08 /* POP返回 */,
			);
			path = GatherTools;
			sourceTree = "<group>";
		};
		18CF82842069E79900236F08 /* POP返回 */ = {
			isa = PBXGroup;
			children = (
				18CF828C2069F42F00236F08 /* UINavigationController+FDFullscreenPopGesture.h */,
				18CF828D2069F42F00236F08 /* UINavigationController+FDFullscreenPopGesture.m */,
			);
			name = "POP返回";
			sourceTree = "<group>";
		};
		18CF82882069ED7600236F08 /* PCH */ = {
			isa = PBXGroup;
			children = (
				18CF82892069ED9900236F08 /* GatherAppHeader.pch */,
				18CF828A2069F28300236F08 /* NetWorkHeader.pch */,
				18CF828B2069F2AE00236F08 /* YWMacros.pch */,
			);
			path = PCH;
			sourceTree = "<group>";
		};
		18CF828F2069F8EC00236F08 /* GatherModel */ = {
			isa = PBXGroup;
			children = (
			);
			path = GatherModel;
			sourceTree = "<group>";
		};
		41590C3CF56FF3AA55814804 /* Pods */ = {
			isa = PBXGroup;
			children = (
				F1302AC746893F1410C670EA /* Pods-Gather.debug.xcconfig */,
				DBD2CE4B5E37486C75DABC65 /* Pods-Gather.release.xcconfig */,
				66AA26D298B30234E2B3C3EE /* Pods-GatherUITests.debug.xcconfig */,
				EF5460021C1C8ED5D4E459CD /* Pods-GatherUITests.release.xcconfig */,
			);
			name = Pods;
			sourceTree = "<group>";
		};
		6690934E0EB79D56D7D148D0 /* Frameworks */ = {
			isa = PBXGroup;
			children = (
				47A80CCA4ACA27D50D127607 /* libPods-Gather.a */,
				779C4EFB96A019BDD94B154D /* libPods-GatherUITests.a */,
			);
			name = Frameworks;
			sourceTree = "<group>";
		};
/* End PBXGroup section */

/* Begin PBXNativeTarget section */
		189367982068D39A007620CF /* Gather */ = {
			isa = PBXNativeTarget;
			buildConfigurationList = 189367BA2068D39B007620CF /* Build configuration list for PBXNativeTarget "Gather" */;
			buildPhases = (
				8C098195DB83E37FED37041E /* [CP] Check Pods Manifest.lock */,
				189367952068D39A007620CF /* Sources */,
				189367962068D39A007620CF /* Frameworks */,
				189367972068D39A007620CF /* Resources */,
				DB3626F00580921035189F21 /* [CP] Embed Pods Frameworks */,
				AA60C2F632B9550422E579A2 /* [CP] Copy Pods Resources */,
			);
			buildRules = (
			);
			dependencies = (
			);
			name = Gather;
			productName = Gather;
			productReference = 189367992068D39A007620CF /* Gather.app */;
			productType = "com.apple.product-type.application";
		};
		189367B02068D39B007620CF /* GatherUITests */ = {
			isa = PBXNativeTarget;
			buildConfigurationList = 189367BD2068D39B007620CF /* Build configuration list for PBXNativeTarget "GatherUITests" */;
			buildPhases = (
				7F8E845FAA86560E37E0C07E /* [CP] Check Pods Manifest.lock */,
				189367AD2068D39B007620CF /* Sources */,
				189367AE2068D39B007620CF /* Frameworks */,
				189367AF2068D39B007620CF /* Resources */,
				9F0CF95CE6918C4EE12475E3 /* [CP] Embed Pods Frameworks */,
				7D0047803CBF4DB324C03EE4 /* [CP] Copy Pods Resources */,
			);
			buildRules = (
			);
			dependencies = (
				189367B32068D39B007620CF /* PBXTargetDependency */,
			);
			name = GatherUITests;
			productName = GatherUITests;
			productReference = 189367B12068D39B007620CF /* GatherUITests.xctest */;
			productType = "com.apple.product-type.bundle.ui-testing";
		};
/* End PBXNativeTarget section */

/* Begin PBXProject section */
		189367912068D39A007620CF /* Project object */ = {
			isa = PBXProject;
			attributes = {
				LastUpgradeCheck = 0920;
				ORGANIZATIONNAME = Apple;
				TargetAttributes = {
					189367982068D39A007620CF = {
						CreatedOnToolsVersion = 9.2;
						ProvisioningStyle = Automatic;
					};
					189367B02068D39B007620CF = {
						CreatedOnToolsVersion = 9.2;
						ProvisioningStyle = Automatic;
						TestTargetID = 189367982068D39A007620CF;
					};
				};
			};
			buildConfigurationList = 189367942068D39A007620CF /* Build configuration list for PBXProject "Gather" */;
			compatibilityVersion = "Xcode 8.0";
			developmentRegion = en;
			hasScannedForEncodings = 0;
			knownRegions = (
				en,
				Base,
			);
			mainGroup = 189367902068D39A007620CF;
			productRefGroup = 1893679A2068D39A007620CF /* Products */;
			projectDirPath = "";
			projectRoot = "";
			targets = (
				189367982068D39A007620CF /* Gather */,
				189367B02068D39B007620CF /* GatherUITests */,
			);
		};
/* End PBXProject section */

/* Begin PBXResourcesBuildPhase section */
		189367972068D39A007620CF /* Resources */ = {
			isa = PBXResourcesBuildPhase;
			buildActionMask = 2147483647;
			files = (
				189367A92068D39A007620CF /* LaunchScreen.storyboard in Resources */,
				189367A62068D39A007620CF /* Assets.xcassets in Resources */,
				189367A42068D39A007620CF /* Main.storyboard in Resources */,
			);
			runOnlyForDeploymentPostprocessing = 0;
		};
		189367AF2068D39B007620CF /* Resources */ = {
			isa = PBXResourcesBuildPhase;
			buildActionMask = 2147483647;
			files = (
			);
			runOnlyForDeploymentPostprocessing = 0;
		};
/* End PBXResourcesBuildPhase section */

/* Begin PBXShellScriptBuildPhase section */
		7D0047803CBF4DB324C03EE4 /* [CP] Copy Pods Resources */ = {
			isa = PBXShellScriptBuildPhase;
			buildActionMask = 2147483647;
			files = (
			);
			inputPaths = (
			);
			name = "[CP] Copy Pods Resources";
			outputPaths = (
			);
			runOnlyForDeploymentPostprocessing = 0;
			shellPath = /bin/sh;
			shellScript = "\"${SRCROOT}/Pods/Target Support Files/Pods-GatherUITests/Pods-GatherUITests-resources.sh\"\n";
			showEnvVarsInLog = 0;
		};
		7F8E845FAA86560E37E0C07E /* [CP] Check Pods Manifest.lock */ = {
			isa = PBXShellScriptBuildPhase;
			buildActionMask = 2147483647;
			files = (
			);
			inputPaths = (
				"${PODS_PODFILE_DIR_PATH}/Podfile.lock",
				"${PODS_ROOT}/Manifest.lock",
			);
			name = "[CP] Check Pods Manifest.lock";
			outputPaths = (
				"$(DERIVED_FILE_DIR)/Pods-GatherUITests-checkManifestLockResult.txt",
			);
			runOnlyForDeploymentPostprocessing = 0;
			shellPath = /bin/sh;
			shellScript = "diff \"${PODS_PODFILE_DIR_PATH}/Podfile.lock\" \"${PODS_ROOT}/Manifest.lock\" > /dev/null\nif [ $? != 0 ] ; then\n    # print error to STDERR\n    echo \"error: The sandbox is not in sync with the Podfile.lock. Run 'pod install' or update your CocoaPods installation.\" >&2\n    exit 1\nfi\n# This output is used by Xcode 'outputs' to avoid re-running this script phase.\necho \"SUCCESS\" > \"${SCRIPT_OUTPUT_FILE_0}\"\n";
			showEnvVarsInLog = 0;
		};
		8C098195DB83E37FED37041E /* [CP] Check Pods Manifest.lock */ = {
			isa = PBXShellScriptBuildPhase;
			buildActionMask = 2147483647;
			files = (
			);
			inputPaths = (
				"${PODS_PODFILE_DIR_PATH}/Podfile.lock",
				"${PODS_ROOT}/Manifest.lock",
			);
			name = "[CP] Check Pods Manifest.lock";
			outputPaths = (
				"$(DERIVED_FILE_DIR)/Pods-Gather-checkManifestLockResult.txt",
			);
			runOnlyForDeploymentPostprocessing = 0;
			shellPath = /bin/sh;
			shellScript = "diff \"${PODS_PODFILE_DIR_PATH}/Podfile.lock\" \"${PODS_ROOT}/Manifest.lock\" > /dev/null\nif [ $? != 0 ] ; then\n    # print error to STDERR\n    echo \"error: The sandbox is not in sync with the Podfile.lock. Run 'pod install' or update your CocoaPods installation.\" >&2\n    exit 1\nfi\n# This output is used by Xcode 'outputs' to avoid re-running this script phase.\necho \"SUCCESS\" > \"${SCRIPT_OUTPUT_FILE_0}\"\n";
			showEnvVarsInLog = 0;
		};
		9F0CF95CE6918C4EE12475E3 /* [CP] Embed Pods Frameworks */ = {
			isa = PBXShellScriptBuildPhase;
			buildActionMask = 2147483647;
			files = (
			);
			inputPaths = (
			);
			name = "[CP] Embed Pods Frameworks";
			outputPaths = (
			);
			runOnlyForDeploymentPostprocessing = 0;
			shellPath = /bin/sh;
			shellScript = "\"${SRCROOT}/Pods/Target Support Files/Pods-GatherUITests/Pods-GatherUITests-frameworks.sh\"\n";
			showEnvVarsInLog = 0;
		};
		AA60C2F632B9550422E579A2 /* [CP] Copy Pods Resources */ = {
			isa = PBXShellScriptBuildPhase;
			buildActionMask = 2147483647;
			files = (
			);
			inputPaths = (
				"${SRCROOT}/Pods/Target Support Files/Pods-Gather/Pods-Gather-resources.sh",
				"${PODS_ROOT}/LBXScan/LBXScan/UI/CodeScan.bundle",
				"${PODS_ROOT}/ZBarSDK/iphone/res/zbar-back.png",
				"${PODS_ROOT}/ZBarSDK/iphone/res/zbar-help.html",
				"${PODS_ROOT}/ZBarSDK/iphone/res/zbar-helpicons.png",
				"${PODS_ROOT}/ZBarSDK/iphone/res/zbar-samples.png",
			);
			name = "[CP] Copy Pods Resources";
			outputPaths = (
				"${TARGET_BUILD_DIR}/${UNLOCALIZED_RESOURCES_FOLDER_PATH}/CodeScan.bundle",
				"${TARGET_BUILD_DIR}/${UNLOCALIZED_RESOURCES_FOLDER_PATH}/zbar-back.png",
				"${TARGET_BUILD_DIR}/${UNLOCALIZED_RESOURCES_FOLDER_PATH}/zbar-help.html",
				"${TARGET_BUILD_DIR}/${UNLOCALIZED_RESOURCES_FOLDER_PATH}/zbar-helpicons.png",
				"${TARGET_BUILD_DIR}/${UNLOCALIZED_RESOURCES_FOLDER_PATH}/zbar-samples.png",
			);
			runOnlyForDeploymentPostprocessing = 0;
			shellPath = /bin/sh;
			shellScript = "\"${SRCROOT}/Pods/Target Support Files/Pods-Gather/Pods-Gather-resources.sh\"\n";
			showEnvVarsInLog = 0;
		};
		DB3626F00580921035189F21 /* [CP] Embed Pods Frameworks */ = {
			isa = PBXShellScriptBuildPhase;
			buildActionMask = 2147483647;
			files = (
			);
			inputPaths = (
			);
			name = "[CP] Embed Pods Frameworks";
			outputPaths = (
			);
			runOnlyForDeploymentPostprocessing = 0;
			shellPath = /bin/sh;
			shellScript = "\"${SRCROOT}/Pods/Target Support Files/Pods-Gather/Pods-Gather-frameworks.sh\"\n";
			showEnvVarsInLog = 0;
		};
/* End PBXShellScriptBuildPhase section */

/* Begin PBXSourcesBuildPhase section */
		189367952068D39A007620CF /* Sources */ = {
			isa = PBXSourcesBuildPhase;
			buildActionMask = 2147483647;
			files = (
				18CF828E2069F42F00236F08 /* UINavigationController+FDFullscreenPopGesture.m in Sources */,
				18CF827E2069DC1D00236F08 /* GatherBaseView.m in Sources */,
				18CF82812069DC3C00236F08 /* GatherBaseViewController.m in Sources */,
				189367A12068D39A007620CF /* ViewController.m in Sources */,
				189367AC2068D39A007620CF /* main.m in Sources */,
				1893679E2068D39A007620CF /* AppDelegate.m in Sources */,
			);
			runOnlyForDeploymentPostprocessing = 0;
		};
		189367AD2068D39B007620CF /* Sources */ = {
			isa = PBXSourcesBuildPhase;
			buildActionMask = 2147483647;
			files = (
				189367B62068D39B007620CF /* GatherUITests.m in Sources */,
			);
			runOnlyForDeploymentPostprocessing = 0;
		};
/* End PBXSourcesBuildPhase section */

/* Begin PBXTargetDependency section */
		189367B32068D39B007620CF /* PBXTargetDependency */ = {
			isa = PBXTargetDependency;
			target = 189367982068D39A007620CF /* Gather */;
			targetProxy = 189367B22068D39B007620CF /* PBXContainerItemProxy */;
		};
/* End PBXTargetDependency section */

/* Begin PBXVariantGroup section */
		189367A22068D39A007620CF /* Main.storyboard */ = {
			isa = PBXVariantGroup;
			children = (
				189367A32068D39A007620CF /* Base */,
			);
			name = Main.storyboard;
			sourceTree = "<group>";
		};
		189367A72068D39A007620CF /* LaunchScreen.storyboard */ = {
			isa = PBXVariantGroup;
			children = (
				189367A82068D39A007620CF /* Base */,
			);
			name = LaunchScreen.storyboard;
			sourceTree = "<group>";
		};
/* End PBXVariantGroup section */

/* Begin XCBuildConfiguration section */
		189367B82068D39B007620CF /* Debug */ = {
			isa = XCBuildConfiguration;
			buildSettings = {
				ALWAYS_SEARCH_USER_PATHS = NO;
				CLANG_ANALYZER_NONNULL = YES;
				CLANG_ANALYZER_NUMBER_OBJECT_CONVERSION = YES_AGGRESSIVE;
				CLANG_CXX_LANGUAGE_STANDARD = "gnu++14";
				CLANG_CXX_LIBRARY = "libc++";
				CLANG_ENABLE_MODULES = YES;
				CLANG_ENABLE_OBJC_ARC = YES;
				CLANG_WARN_BLOCK_CAPTURE_AUTORELEASING = YES;
				CLANG_WARN_BOOL_CONVERSION = YES;
				CLANG_WARN_COMMA = YES;
				CLANG_WARN_CONSTANT_CONVERSION = YES;
				CLANG_WARN_DIRECT_OBJC_ISA_USAGE = YES_ERROR;
				CLANG_WARN_DOCUMENTATION_COMMENTS = YES;
				CLANG_WARN_EMPTY_BODY = YES;
				CLANG_WARN_ENUM_CONVERSION = YES;
				CLANG_WARN_INFINITE_RECURSION = YES;
				CLANG_WARN_INT_CONVERSION = YES;
				CLANG_WARN_NON_LITERAL_NULL_CONVERSION = YES;
				CLANG_WARN_OBJC_LITERAL_CONVERSION = YES;
				CLANG_WARN_OBJC_ROOT_CLASS = YES_ERROR;
				CLANG_WARN_RANGE_LOOP_ANALYSIS = YES;
				CLANG_WARN_STRICT_PROTOTYPES = YES;
				CLANG_WARN_SUSPICIOUS_MOVE = YES;
				CLANG_WARN_UNGUARDED_AVAILABILITY = YES_AGGRESSIVE;
				CLANG_WARN_UNREACHABLE_CODE = YES;
				CLANG_WARN__DUPLICATE_METHOD_MATCH = YES;
				CODE_SIGN_IDENTITY = "iPhone Developer";
				COPY_PHASE_STRIP = NO;
				DEBUG_INFORMATION_FORMAT = dwarf;
				ENABLE_STRICT_OBJC_MSGSEND = YES;
				ENABLE_TESTABILITY = YES;
				GCC_C_LANGUAGE_STANDARD = gnu11;
				GCC_DYNAMIC_NO_PIC = NO;
				GCC_NO_COMMON_BLOCKS = YES;
				GCC_OPTIMIZATION_LEVEL = 0;
				GCC_PREPROCESSOR_DEFINITIONS = (
					"DEBUG=1",
					"$(inherited)",
				);
				GCC_WARN_64_TO_32_BIT_CONVERSION = YES;
				GCC_WARN_ABOUT_RETURN_TYPE = YES_ERROR;
				GCC_WARN_UNDECLARED_SELECTOR = YES;
				GCC_WARN_UNINITIALIZED_AUTOS = YES_AGGRESSIVE;
				GCC_WARN_UNUSED_FUNCTION = YES;
				GCC_WARN_UNUSED_VARIABLE = YES;
				IPHONEOS_DEPLOYMENT_TARGET = 11.2;
				MTL_ENABLE_DEBUG_INFO = YES;
				ONLY_ACTIVE_ARCH = YES;
				SDKROOT = iphoneos;
			};
			name = Debug;
		};
		189367B92068D39B007620CF /* Release */ = {
			isa = XCBuildConfiguration;
			buildSettings = {
				ALWAYS_SEARCH_USER_PATHS = NO;
				CLANG_ANALYZER_NONNULL = YES;
				CLANG_ANALYZER_NUMBER_OBJECT_CONVERSION = YES_AGGRESSIVE;
				CLANG_CXX_LANGUAGE_STANDARD = "gnu++14";
				CLANG_CXX_LIBRARY = "libc++";
				CLANG_ENABLE_MODULES = YES;
				CLANG_ENABLE_OBJC_ARC = YES;
				CLANG_WARN_BLOCK_CAPTURE_AUTORELEASING = YES;
				CLANG_WARN_BOOL_CONVERSION = YES;
				CLANG_WARN_COMMA = YES;
				CLANG_WARN_CONSTANT_CONVERSION = YES;
				CLANG_WARN_DIRECT_OBJC_ISA_USAGE = YES_ERROR;
				CLANG_WARN_DOCUMENTATION_COMMENTS = YES;
				CLANG_WARN_EMPTY_BODY = YES;
				CLANG_WARN_ENUM_CONVERSION = YES;
				CLANG_WARN_INFINITE_RECURSION = YES;
				CLANG_WARN_INT_CONVERSION = YES;
				CLANG_WARN_NON_LITERAL_NULL_CONVERSION = YES;
				CLANG_WARN_OBJC_LITERAL_CONVERSION = YES;
				CLANG_WARN_OBJC_ROOT_CLASS = YES_ERROR;
				CLANG_WARN_RANGE_LOOP_ANALYSIS = YES;
				CLANG_WARN_STRICT_PROTOTYPES = YES;
				CLANG_WARN_SUSPICIOUS_MOVE = YES;
				CLANG_WARN_UNGUARDED_AVAILABILITY = YES_AGGRESSIVE;
				CLANG_WARN_UNREACHABLE_CODE = YES;
				CLANG_WARN__DUPLICATE_METHOD_MATCH = YES;
				CODE_SIGN_IDENTITY = "iPhone Developer";
				COPY_PHASE_STRIP = NO;
				DEBUG_INFORMATION_FORMAT = "dwarf-with-dsym";
				ENABLE_NS_ASSERTIONS = NO;
				ENABLE_STRICT_OBJC_MSGSEND = YES;
				GCC_C_LANGUAGE_STANDARD = gnu11;
				GCC_NO_COMMON_BLOCKS = YES;
				GCC_WARN_64_TO_32_BIT_CONVERSION = YES;
				GCC_WARN_ABOUT_RETURN_TYPE = YES_ERROR;
				GCC_WARN_UNDECLARED_SELECTOR = YES;
				GCC_WARN_UNINITIALIZED_AUTOS = YES_AGGRESSIVE;
				GCC_WARN_UNUSED_FUNCTION = YES;
				GCC_WARN_UNUSED_VARIABLE = YES;
				IPHONEOS_DEPLOYMENT_TARGET = 11.2;
				MTL_ENABLE_DEBUG_INFO = NO;
				SDKROOT = iphoneos;
				VALIDATE_PRODUCT = YES;
			};
			name = Release;
		};
		189367BB2068D39B007620CF /* Debug */ = {
			isa = XCBuildConfiguration;
			baseConfigurationReference = F1302AC746893F1410C670EA /* Pods-Gather.debug.xcconfig */;
			buildSettings = {
				ASSETCATALOG_COMPILER_APPICON_NAME = AppIcon;
				CODE_SIGN_STYLE = Automatic;
				DEVELOPMENT_TEAM = W484MABT73;
				GCC_PREFIX_HEADER = "$(SRCROOT)/Gather/PCH/GatherAppHeader.pch";
				INFOPLIST_FILE = Gather/Info.plist;
				LD_RUNPATH_SEARCH_PATHS = "$(inherited) @executable_path/Frameworks";
				PRODUCT_BUNDLE_IDENTIFIER = com.youhu.net.Gather;
				PRODUCT_NAME = "$(TARGET_NAME)";
				TARGETED_DEVICE_FAMILY = "1,2";
			};
			name = Debug;
		};
		189367BC2068D39B007620CF /* Release */ = {
			isa = XCBuildConfiguration;
			baseConfigurationReference = DBD2CE4B5E37486C75DABC65 /* Pods-Gather.release.xcconfig */;
			buildSettings = {
				ASSETCATALOG_COMPILER_APPICON_NAME = AppIcon;
				CODE_SIGN_STYLE = Automatic;
				DEVELOPMENT_TEAM = W484MABT73;
				GCC_PREFIX_HEADER = "$(SRCROOT)/Gather/PCH/GatherAppHeader.pch";
				INFOPLIST_FILE = Gather/Info.plist;
				LD_RUNPATH_SEARCH_PATHS = "$(inherited) @executable_path/Frameworks";
				PRODUCT_BUNDLE_IDENTIFIER = com.youhu.net.Gather;
				PRODUCT_NAME = "$(TARGET_NAME)";
				TARGETED_DEVICE_FAMILY = "1,2";
			};
			name = Release;
		};
		189367BE2068D39B007620CF /* Debug */ = {
			isa = XCBuildConfiguration;
			baseConfigurationReference = 66AA26D298B30234E2B3C3EE /* Pods-GatherUITests.debug.xcconfig */;
			buildSettings = {
				CODE_SIGN_STYLE = Automatic;
				DEVELOPMENT_TEAM = W484MABT73;
				INFOPLIST_FILE = GatherUITests/Info.plist;
				LD_RUNPATH_SEARCH_PATHS = "$(inherited) @executable_path/Frameworks @loader_path/Frameworks";
				PRODUCT_BUNDLE_IDENTIFIER = com.youhu.net.GatherUITests;
				PRODUCT_NAME = "$(TARGET_NAME)";
				TARGETED_DEVICE_FAMILY = "1,2";
				TEST_TARGET_NAME = Gather;
			};
			name = Debug;
		};
		189367BF2068D39B007620CF /* Release */ = {
			isa = XCBuildConfiguration;
			baseConfigurationReference = EF5460021C1C8ED5D4E459CD /* Pods-GatherUITests.release.xcconfig */;
			buildSettings = {
				CODE_SIGN_STYLE = Automatic;
				DEVELOPMENT_TEAM = W484MABT73;
				INFOPLIST_FILE = GatherUITests/Info.plist;
				LD_RUNPATH_SEARCH_PATHS = "$(inherited) @executable_path/Frameworks @loader_path/Frameworks";
				PRODUCT_BUNDLE_IDENTIFIER = com.youhu.net.GatherUITests;
				PRODUCT_NAME = "$(TARGET_NAME)";
				TARGETED_DEVICE_FAMILY = "1,2";
				TEST_TARGET_NAME = Gather;
			};
			name = Release;
		};
/* End XCBuildConfiguration section */

/* Begin XCConfigurationList section */
		189367942068D39A007620CF /* Build configuration list for PBXProject "Gather" */ = {
			isa = XCConfigurationList;
			buildConfigurations = (
				189367B82068D39B007620CF /* Debug */,
				189367B92068D39B007620CF /* Release */,
			);
			defaultConfigurationIsVisible = 0;
			defaultConfigurationName = Release;
		};
		189367BA2068D39B007620CF /* Build configuration list for PBXNativeTarget "Gather" */ = {
			isa = XCConfigurationList;
			buildConfigurations = (
				189367BB2068D39B007620CF /* Debug */,
				189367BC2068D39B007620CF /* Release */,
			);
			defaultConfigurationIsVisible = 0;
			defaultConfigurationName = Release;
		};
		189367BD2068D39B007620CF /* Build configuration list for PBXNativeTarget "GatherUITests" */ = {
			isa = XCConfigurationList;
			buildConfigurations = (
				189367BE2068D39B007620CF /* Debug */,
				189367BF2068D39B007620CF /* Release */,
			);
			defaultConfigurationIsVisible = 0;
			defaultConfigurationName = Release;
		};
/* End XCConfigurationList section */
	};
	rootObject = 189367912068D39A007620CF /* Project object */;
}
