// !$*UTF8*$!
{
	archiveVersion = 1;
	classes = {
	};
	objectVersion = 48;
	objects = {

/* Begin PBXBuildFile section */
		1819A351207352ED00A1A8A3 /* JMDropMenu.m in Sources */ = {isa = PBXBuildFile; fileRef = 1819A350207352ED00A1A8A3 /* JMDropMenu.m */; };
		182522F9206B38350015FD97 /* GatherBaseTableViewController.m in Sources */ = {isa = PBXBuildFile; fileRef = 182522F8206B38350015FD97 /* GatherBaseTableViewController.m */; };
		182522FC206B38510015FD97 /* GatherBaseCollectionViewController.m in Sources */ = {isa = PBXBuildFile; fileRef = 182522FB206B38510015FD97 /* GatherBaseCollectionViewController.m */; };
		182522FF206B38880015FD97 /* GatherBaseTabBarController.m in Sources */ = {isa = PBXBuildFile; fileRef = 182522FE206B38880015FD97 /* GatherBaseTabBarController.m */; };
		18252302206B393F0015FD97 /* GatherBarViewController.m in Sources */ = {isa = PBXBuildFile; fileRef = 18252301206B393F0015FD97 /* GatherBarViewController.m */; };
		1825230A206B3C010015FD97 /* BasisTableViewController.m in Sources */ = {isa = PBXBuildFile; fileRef = 18252308206B3C010015FD97 /* BasisTableViewController.m */; };
		1825230B206B3C010015FD97 /* BasisTableViewController.xib in Resources */ = {isa = PBXBuildFile; fileRef = 18252309206B3C010015FD97 /* BasisTableViewController.xib */; };
		1825230F206B3C1F0015FD97 /* FristTableViewController.m in Sources */ = {isa = PBXBuildFile; fileRef = 1825230D206B3C1F0015FD97 /* FristTableViewController.m */; };
		18252310206B3C1F0015FD97 /* FristTableViewController.xib in Resources */ = {isa = PBXBuildFile; fileRef = 1825230E206B3C1F0015FD97 /* FristTableViewController.xib */; };
		18252314206B3C370015FD97 /* SecondTableViewController.m in Sources */ = {isa = PBXBuildFile; fileRef = 18252312206B3C370015FD97 /* SecondTableViewController.m */; };
		18252315206B3C370015FD97 /* SecondTableViewController.xib in Resources */ = {isa = PBXBuildFile; fileRef = 18252313206B3C370015FD97 /* SecondTableViewController.xib */; };
		18252319206B3C4F0015FD97 /* ThirdTableViewController.m in Sources */ = {isa = PBXBuildFile; fileRef = 18252317206B3C4F0015FD97 /* ThirdTableViewController.m */; };
		1825231A206B3C4F0015FD97 /* ThirdTableViewController.xib in Resources */ = {isa = PBXBuildFile; fileRef = 18252318206B3C4F0015FD97 /* ThirdTableViewController.xib */; };
		1825231E206B3C6F0015FD97 /* FourthTableViewController.m in Sources */ = {isa = PBXBuildFile; fileRef = 1825231C206B3C6F0015FD97 /* FourthTableViewController.m */; };
		1825231F206B3C6F0015FD97 /* FourthTableViewController.xib in Resources */ = {isa = PBXBuildFile; fileRef = 1825231D206B3C6F0015FD97 /* FourthTableViewController.xib */; };
		183290072074996000919CD5 /* UIColor+Random.m in Sources */ = {isa = PBXBuildFile; fileRef = 183290062074996000919CD5 /* UIColor+Random.m */; };
		1832900D20749A4100919CD5 /* MBProgressHUD+HERO.m in Sources */ = {isa = PBXBuildFile; fileRef = 1832900C20749A4100919CD5 /* MBProgressHUD+HERO.m */; };
		183290142074BCD700919CD5 /* AdvertisingView.m in Sources */ = {isa = PBXBuildFile; fileRef = 183290132074BCD700919CD5 /* AdvertisingView.m */; };
		1832901B2074C92000919CD5 /* GuideViewController.m in Sources */ = {isa = PBXBuildFile; fileRef = 1832901A2074C92000919CD5 /* GuideViewController.m */; };
		1836EEF72071F68A006FB32B /* LabelAttributedStringViewController.m in Sources */ = {isa = PBXBuildFile; fileRef = 1836EEF62071F68A006FB32B /* LabelAttributedStringViewController.m */; };
		1836EEFD2071FACA006FB32B /* UIBarButtonItem+YWExtension.m in Sources */ = {isa = PBXBuildFile; fileRef = 1836EEF92071FACA006FB32B /* UIBarButtonItem+YWExtension.m */; };
		1836EEFE2071FACA006FB32B /* UIButton+ButtonTool.m in Sources */ = {isa = PBXBuildFile; fileRef = 1836EEFC2071FACA006FB32B /* UIButton+ButtonTool.m */; };
		188C44F6207472C30059E675 /* UIView+YwViewFrame.m in Sources */ = {isa = PBXBuildFile; fileRef = 188C44F5207472C30059E675 /* UIView+YwViewFrame.m */; };
		188C44F920747C230059E675 /* POPTableViewController.m in Sources */ = {isa = PBXBuildFile; fileRef = 188C44F820747C230059E675 /* POPTableViewController.m */; };
		1893679E2068D39A007620CF /* AppDelegate.m in Sources */ = {isa = PBXBuildFile; fileRef = 1893679D2068D39A007620CF /* AppDelegate.m */; };
		189367A42068D39A007620CF /* Main.storyboard in Resources */ = {isa = PBXBuildFile; fileRef = 189367A22068D39A007620CF /* Main.storyboard */; };
		189367A62068D39A007620CF /* Assets.xcassets in Resources */ = {isa = PBXBuildFile; fileRef = 189367A52068D39A007620CF /* Assets.xcassets */; };
		189367A92068D39A007620CF /* LaunchScreen.storyboard in Resources */ = {isa = PBXBuildFile; fileRef = 189367A72068D39A007620CF /* LaunchScreen.storyboard */; };
		189367AC2068D39A007620CF /* main.m in Sources */ = {isa = PBXBuildFile; fileRef = 189367AB2068D39A007620CF /* main.m */; };
		189367B62068D39B007620CF /* GatherUITests.m in Sources */ = {isa = PBXBuildFile; fileRef = 189367B52068D39B007620CF /* GatherUITests.m */; };
		18CF827E2069DC1D00236F08 /* GatherBaseView.m in Sources */ = {isa = PBXBuildFile; fileRef = 18CF827D2069DC1D00236F08 /* GatherBaseView.m */; };
		18CF82812069DC3C00236F08 /* GatherBaseViewController.m in Sources */ = {isa = PBXBuildFile; fileRef = 18CF82802069DC3C00236F08 /* GatherBaseViewController.m */; };
		18CF828E2069F42F00236F08 /* UINavigationController+FDFullscreenPopGesture.m in Sources */ = {isa = PBXBuildFile; fileRef = 18CF828D2069F42F00236F08 /* UINavigationController+FDFullscreenPopGesture.m */; };
		18F13B6920747D27004F6AF4 /* ShowNavViewController.m in Sources */ = {isa = PBXBuildFile; fileRef = 18F13B6720747D27004F6AF4 /* ShowNavViewController.m */; };
		18F13B6A20747D27004F6AF4 /* ShowNavViewController.xib in Resources */ = {isa = PBXBuildFile; fileRef = 18F13B6820747D27004F6AF4 /* ShowNavViewController.xib */; };
		18F13B6D20747E92004F6AF4 /* CustomNavViewController.m in Sources */ = {isa = PBXBuildFile; fileRef = 18F13B6C20747E92004F6AF4 /* CustomNavViewController.m */; };
		18F671BA2071D9AC00DC794C /* GatherBaseTableViewCell.m in Sources */ = {isa = PBXBuildFile; fileRef = 18F671B92071D9AC00DC794C /* GatherBaseTableViewCell.m */; };
		18F671BE2071DA0300DC794C /* ClassifyTableViewCell.m in Sources */ = {isa = PBXBuildFile; fileRef = 18F671BC2071DA0300DC794C /* ClassifyTableViewCell.m */; };
		18F671BF2071DA0300DC794C /* ClassifyTableViewCell.xib in Resources */ = {isa = PBXBuildFile; fileRef = 18F671BD2071DA0300DC794C /* ClassifyTableViewCell.xib */; };
		BE5D2AAE548A587266B63989 /* libPods-GatherUITests.a in Frameworks */ = {isa = PBXBuildFile; fileRef = 779C4EFB96A019BDD94B154D /* libPods-GatherUITests.a */; };
		E766DE88175FF7834D500D24 /* libPods-Gather.a in Frameworks */ = {isa = PBXBuildFile; fileRef = 47A80CCA4ACA27D50D127607 /* libPods-Gather.a */; };
/* End PBXBuildFile section */

/* Begin PBXContainerItemProxy section */
		189367B22068D39B007620CF /* PBXContainerItemProxy */ = {
			isa = PBXContainerItemProxy;
			containerPortal = 189367912068D39A007620CF /* Project object */;
			proxyType = 1;
			remoteGlobalIDString = 189367982068D39A007620CF;
			remoteInfo = Gather;
		};
/* End PBXContainerItemProxy section */

/* Begin PBXFileReference section */
		1819A34F207352ED00A1A8A3 /* JMDropMenu.h */ = {isa = PBXFileReference; fileEncoding = 4; lastKnownFileType = sourcecode.c.h; path = JMDropMenu.h; sourceTree = "<group>"; };
		1819A350207352ED00A1A8A3 /* JMDropMenu.m */ = {isa = PBXFileReference; fileEncoding = 4; lastKnownFileType = sourcecode.c.objc; path = JMDropMenu.m; sourceTree = "<group>"; };
		182522F7206B38350015FD97 /* GatherBaseTableViewController.h */ = {isa = PBXFileReference; lastKnownFileType = sourcecode.c.h; path = GatherBaseTableViewController.h; sourceTree = "<group>"; };
		182522F8206B38350015FD97 /* GatherBaseTableViewController.m */ = {isa = PBXFileReference; lastKnownFileType = sourcecode.c.objc; path = GatherBaseTableViewController.m; sourceTree = "<group>"; };
		182522FA206B38510015FD97 /* GatherBaseCollectionViewController.h */ = {isa = PBXFileReference; lastKnownFileType = sourcecode.c.h; path = GatherBaseCollectionViewController.h; sourceTree = "<group>"; };
		182522FB206B38510015FD97 /* GatherBaseCollectionViewController.m */ = {isa = PBXFileReference; lastKnownFileType = sourcecode.c.objc; path = GatherBaseCollectionViewController.m; sourceTree = "<group>"; };
		182522FD206B38880015FD97 /* GatherBaseTabBarController.h */ = {isa = PBXFileReference; lastKnownFileType = sourcecode.c.h; path = GatherBaseTabBarController.h; sourceTree = "<group>"; };
		182522FE206B38880015FD97 /* GatherBaseTabBarController.m */ = {isa = PBXFileReference; lastKnownFileType = sourcecode.c.objc; path = GatherBaseTabBarController.m; sourceTree = "<group>"; };
		18252300206B393F0015FD97 /* GatherBarViewController.h */ = {isa = PBXFileReference; lastKnownFileType = sourcecode.c.h; path = GatherBarViewController.h; sourceTree = "<group>"; };
		18252301206B393F0015FD97 /* GatherBarViewController.m */ = {isa = PBXFileReference; lastKnownFileType = sourcecode.c.objc; path = GatherBarViewController.m; sourceTree = "<group>"; };
		18252307206B3C010015FD97 /* BasisTableViewController.h */ = {isa = PBXFileReference; lastKnownFileType = sourcecode.c.h; path = BasisTableViewController.h; sourceTree = "<group>"; };
		18252308206B3C010015FD97 /* BasisTableViewController.m */ = {isa = PBXFileReference; lastKnownFileType = sourcecode.c.objc; path = BasisTableViewController.m; sourceTree = "<group>"; };
		18252309206B3C010015FD97 /* BasisTableViewController.xib */ = {isa = PBXFileReference; lastKnownFileType = file.xib; path = BasisTableViewController.xib; sourceTree = "<group>"; };
		1825230C206B3C1F0015FD97 /* FristTableViewController.h */ = {isa = PBXFileReference; lastKnownFileType = sourcecode.c.h; path = FristTableViewController.h; sourceTree = "<group>"; };
		1825230D206B3C1F0015FD97 /* FristTableViewController.m */ = {isa = PBXFileReference; lastKnownFileType = sourcecode.c.objc; path = FristTableViewController.m; sourceTree = "<group>"; };
		1825230E206B3C1F0015FD97 /* FristTableViewController.xib */ = {isa = PBXFileReference; lastKnownFileType = file.xib; path = FristTableViewController.xib; sourceTree = "<group>"; };
		18252311206B3C370015FD97 /* SecondTableViewController.h */ = {isa = PBXFileReference; lastKnownFileType = sourcecode.c.h; path = SecondTableViewController.h; sourceTree = "<group>"; };
		18252312206B3C370015FD97 /* SecondTableViewController.m */ = {isa = PBXFileReference; lastKnownFileType = sourcecode.c.objc; path = SecondTableViewController.m; sourceTree = "<group>"; };
		18252313206B3C370015FD97 /* SecondTableViewController.xib */ = {isa = PBXFileReference; lastKnownFileType = file.xib; path = SecondTableViewController.xib; sourceTree = "<group>"; };
		18252316206B3C4F0015FD97 /* ThirdTableViewController.h */ = {isa = PBXFileReference; lastKnownFileType = sourcecode.c.h; path = ThirdTableViewController.h; sourceTree = "<group>"; };
		18252317206B3C4F0015FD97 /* ThirdTableViewController.m */ = {isa = PBXFileReference; lastKnownFileType = sourcecode.c.objc; path = ThirdTableViewController.m; sourceTree = "<group>"; };
		18252318206B3C4F0015FD97 /* ThirdTableViewController.xib */ = {isa = PBXFileReference; lastKnownFileType = file.xib; path = ThirdTableViewController.xib; sourceTree = "<group>"; };
		1825231B206B3C6F0015FD97 /* FourthTableViewController.h */ = {isa = PBXFileReference; lastKnownFileType = sourcecode.c.h; path = FourthTableViewController.h; sourceTree = "<group>"; };
		1825231C206B3C6F0015FD97 /* FourthTableViewController.m */ = {isa = PBXFileReference; lastKnownFileType = sourcecode.c.objc; path = FourthTableViewController.m; sourceTree = "<group>"; };
		1825231D206B3C6F0015FD97 /* FourthTableViewController.xib */ = {isa = PBXFileReference; lastKnownFileType = file.xib; path = FourthTableViewController.xib; sourceTree = "<group>"; };
		183290052074996000919CD5 /* UIColor+Random.h */ = {isa = PBXFileReference; lastKnownFileType = sourcecode.c.h; path = "UIColor+Random.h"; sourceTree = "<group>"; };
		183290062074996000919CD5 /* UIColor+Random.m */ = {isa = PBXFileReference; lastKnownFileType = sourcecode.c.objc; path = "UIColor+Random.m"; sourceTree = "<group>"; };
		1832900B20749A4100919CD5 /* MBProgressHUD+HERO.h */ = {isa = PBXFileReference; lastKnownFileType = sourcecode.c.h; path = "MBProgressHUD+HERO.h"; sourceTree = "<group>"; };
		1832900C20749A4100919CD5 /* MBProgressHUD+HERO.m */ = {isa = PBXFileReference; lastKnownFileType = sourcecode.c.objc; path = "MBProgressHUD+HERO.m"; sourceTree = "<group>"; };
		183290122074BCD700919CD5 /* AdvertisingView.h */ = {isa = PBXFileReference; lastKnownFileType = sourcecode.c.h; path = AdvertisingView.h; sourceTree = "<group>"; };
		183290132074BCD700919CD5 /* AdvertisingView.m */ = {isa = PBXFileReference; lastKnownFileType = sourcecode.c.objc; path = AdvertisingView.m; sourceTree = "<group>"; };
		183290192074C91F00919CD5 /* GuideViewController.h */ = {isa = PBXFileReference; fileEncoding = 4; lastKnownFileType = sourcecode.c.h; path = GuideViewController.h; sourceTree = "<group>"; };
		1832901A2074C92000919CD5 /* GuideViewController.m */ = {isa = PBXFileReference; fileEncoding = 4; lastKnownFileType = sourcecode.c.objc; path = GuideViewController.m; sourceTree = "<group>"; };
		1836EEF52071F68A006FB32B /* LabelAttributedStringViewController.h */ = {isa = PBXFileReference; lastKnownFileType = sourcecode.c.h; path = LabelAttributedStringViewController.h; sourceTree = "<group>"; };
		1836EEF62071F68A006FB32B /* LabelAttributedStringViewController.m */ = {isa = PBXFileReference; lastKnownFileType = sourcecode.c.objc; path = LabelAttributedStringViewController.m; sourceTree = "<group>"; };
		1836EEF92071FACA006FB32B /* UIBarButtonItem+YWExtension.m */ = {isa = PBXFileReference; fileEncoding = 4; lastKnownFileType = sourcecode.c.objc; path = "UIBarButtonItem+YWExtension.m"; sourceTree = "<group>"; };
		1836EEFA2071FACA006FB32B /* UIButton+ButtonTool.h */ = {isa = PBXFileReference; fileEncoding = 4; lastKnownFileType = sourcecode.c.h; path = "UIButton+ButtonTool.h"; sourceTree = "<group>"; };
		1836EEFB2071FACA006FB32B /* UIBarButtonItem+YWExtension.h */ = {isa = PBXFileReference; fileEncoding = 4; lastKnownFileType = sourcecode.c.h; path = "UIBarButtonItem+YWExtension.h"; sourceTree = "<group>"; };
		1836EEFC2071FACA006FB32B /* UIButton+ButtonTool.m */ = {isa = PBXFileReference; fileEncoding = 4; lastKnownFileType = sourcecode.c.objc; path = "UIButton+ButtonTool.m"; sourceTree = "<group>"; };
		188C44F4207472C30059E675 /* UIView+YwViewFrame.h */ = {isa = PBXFileReference; lastKnownFileType = sourcecode.c.h; path = "UIView+YwViewFrame.h"; sourceTree = "<group>"; };
		188C44F5207472C30059E675 /* UIView+YwViewFrame.m */ = {isa = PBXFileReference; lastKnownFileType = sourcecode.c.objc; path = "UIView+YwViewFrame.m"; sourceTree = "<group>"; };
		188C44F720747C230059E675 /* POPTableViewController.h */ = {isa = PBXFileReference; lastKnownFileType = sourcecode.c.h; path = POPTableViewController.h; sourceTree = "<group>"; };
		188C44F820747C230059E675 /* POPTableViewController.m */ = {isa = PBXFileReference; lastKnownFileType = sourcecode.c.objc; path = POPTableViewController.m; sourceTree = "<group>"; };
		189367992068D39A007620CF /* Gather.app */ = {isa = PBXFileReference; explicitFileType = wrapper.application; includeInIndex = 0; path = Gather.app; sourceTree = BUILT_PRODUCTS_DIR; };
		1893679C2068D39A007620CF /* AppDelegate.h */ = {isa = PBXFileReference; lastKnownFileType = sourcecode.c.h; path = AppDelegate.h; sourceTree = "<group>"; };
		1893679D2068D39A007620CF /* AppDelegate.m */ = {isa = PBXFileReference; lastKnownFileType = sourcecode.c.objc; path = AppDelegate.m; sourceTree = "<group>"; };
		189367A32068D39A007620CF /* Base */ = {isa = PBXFileReference; lastKnownFileType = file.storyboard; name = Base; path = Base.lproj/Main.storyboard; sourceTree = "<group>"; };
		189367A52068D39A007620CF /* Assets.xcassets */ = {isa = PBXFileReference; lastKnownFileType = folder.assetcatalog; path = Assets.xcassets; sourceTree = "<group>"; };
		189367A82068D39A007620CF /* Base */ = {isa = PBXFileReference; lastKnownFileType = file.storyboard; name = Base; path = Base.lproj/LaunchScreen.storyboard; sourceTree = "<group>"; };
		189367AA2068D39A007620CF /* Info.plist */ = {isa = PBXFileReference; lastKnownFileType = text.plist.xml; path = Info.plist; sourceTree = "<group>"; };
		189367AB2068D39A007620CF /* main.m */ = {isa = PBXFileReference; lastKnownFileType = sourcecode.c.objc; path = main.m; sourceTree = "<group>"; };
		189367B12068D39B007620CF /* GatherUITests.xctest */ = {isa = PBXFileReference; explicitFileType = wrapper.cfbundle; includeInIndex = 0; path = GatherUITests.xctest; sourceTree = BUILT_PRODUCTS_DIR; };
		189367B52068D39B007620CF /* GatherUITests.m */ = {isa = PBXFileReference; lastKnownFileType = sourcecode.c.objc; path = GatherUITests.m; sourceTree = "<group>"; };
		189367B72068D39B007620CF /* Info.plist */ = {isa = PBXFileReference; lastKnownFileType = text.plist.xml; path = Info.plist; sourceTree = "<group>"; };
		18CF827C2069DC1D00236F08 /* GatherBaseView.h */ = {isa = PBXFileReference; lastKnownFileType = sourcecode.c.h; path = GatherBaseView.h; sourceTree = "<group>"; };
		18CF827D2069DC1D00236F08 /* GatherBaseView.m */ = {isa = PBXFileReference; lastKnownFileType = sourcecode.c.objc; path = GatherBaseView.m; sourceTree = "<group>"; };
		18CF827F2069DC3C00236F08 /* GatherBaseViewController.h */ = {isa = PBXFileReference; lastKnownFileType = sourcecode.c.h; path = GatherBaseViewController.h; sourceTree = "<group>"; };
		18CF82802069DC3C00236F08 /* GatherBaseViewController.m */ = {isa = PBXFileReference; lastKnownFileType = sourcecode.c.objc; path = GatherBaseViewController.m; sourceTree = "<group>"; };
		18CF82892069ED9900236F08 /* GatherAppHeader.pch */ = {isa = PBXFileReference; lastKnownFileType = sourcecode.c.h; path = GatherAppHeader.pch; sourceTree = "<group>"; };
		18CF828A2069F28300236F08 /* NetWorkHeader.pch */ = {isa = PBXFileReference; lastKnownFileType = sourcecode.c.h; path = NetWorkHeader.pch; sourceTree = "<group>"; };
		18CF828B2069F2AE00236F08 /* YWMacros.pch */ = {isa = PBXFileReference; lastKnownFileType = sourcecode.c.h; path = YWMacros.pch; sourceTree = "<group>"; };
		18CF828C2069F42F00236F08 /* UINavigationController+FDFullscreenPopGesture.h */ = {isa = PBXFileReference; fileEncoding = 4; lastKnownFileType = sourcecode.c.h; path = "UINavigationController+FDFullscreenPopGesture.h"; sourceTree = "<group>"; };
		18CF828D2069F42F00236F08 /* UINavigationController+FDFullscreenPopGesture.m */ = {isa = PBXFileReference; fileEncoding = 4; lastKnownFileType = sourcecode.c.objc; path = "UINavigationController+FDFullscreenPopGesture.m"; sourceTree = "<group>"; };
		18F13B6620747D27004F6AF4 /* ShowNavViewController.h */ = {isa = PBXFileReference; lastKnownFileType = sourcecode.c.h; path = ShowNavViewController.h; sourceTree = "<group>"; };
		18F13B6720747D27004F6AF4 /* ShowNavViewController.m */ = {isa = PBXFileReference; lastKnownFileType = sourcecode.c.objc; path = ShowNavViewController.m; sourceTree = "<group>"; };
		18F13B6820747D27004F6AF4 /* ShowNavViewController.xib */ = {isa = PBXFileReference; lastKnownFileType = file.xib; path = ShowNavViewController.xib; sourceTree = "<group>"; };
		18F13B6B20747E92004F6AF4 /* CustomNavViewController.h */ = {isa = PBXFileReference; lastKnownFileType = sourcecode.c.h; path = CustomNavViewController.h; sourceTree = "<group>"; };
		18F13B6C20747E92004F6AF4 /* CustomNavViewController.m */ = {isa = PBXFileReference; lastKnownFileType = sourcecode.c.objc; path = CustomNavViewController.m; sourceTree = "<group>"; };
		18F671B82071D9AC00DC794C /* GatherBaseTableViewCell.h */ = {isa = PBXFileReference; lastKnownFileType = sourcecode.c.h; path = GatherBaseTableViewCell.h; sourceTree = "<group>"; };
		18F671B92071D9AC00DC794C /* GatherBaseTableViewCell.m */ = {isa = PBXFileReference; lastKnownFileType = sourcecode.c.objc; path = GatherBaseTableViewCell.m; sourceTree = "<group>"; };
		18F671BB2071DA0300DC794C /* ClassifyTableViewCell.h */ = {isa = PBXFileReference; lastKnownFileType = sourcecode.c.h; path = ClassifyTableViewCell.h; sourceTree = "<group>"; };
		18F671BC2071DA0300DC794C /* ClassifyTableViewCell.m */ = {isa = PBXFileReference; lastKnownFileType = sourcecode.c.objc; path = ClassifyTableViewCell.m; sourceTree = "<group>"; };
		18F671BD2071DA0300DC794C /* ClassifyTableViewCell.xib */ = {isa = PBXFileReference; lastKnownFileType = file.xib; path = ClassifyTableViewCell.xib; sourceTree = "<group>"; };
		47A80CCA4ACA27D50D127607 /* libPods-Gather.a */ = {isa = PBXFileReference; explicitFileType = archive.ar; includeInIndex = 0; path = "libPods-Gather.a"; sourceTree = BUILT_PRODUCTS_DIR; };
		66AA26D298B30234E2B3C3EE /* Pods-GatherUITests.debug.xcconfig */ = {isa = PBXFileReference; includeInIndex = 1; lastKnownFileType = text.xcconfig; name = "Pods-GatherUITests.debug.xcconfig"; path = "Pods/Target Support Files/Pods-GatherUITests/Pods-GatherUITests.debug.xcconfig"; sourceTree = "<group>"; };
		779C4EFB96A019BDD94B154D /* libPods-GatherUITests.a */ = {isa = PBXFileReference; explicitFileType = archive.ar; includeInIndex = 0; path = "libPods-GatherUITests.a"; sourceTree = BUILT_PRODUCTS_DIR; };
		DBD2CE4B5E37486C75DABC65 /* Pods-Gather.release.xcconfig */ = {isa = PBXFileReference; includeInIndex = 1; lastKnownFileType = text.xcconfig; name = "Pods-Gather.release.xcconfig"; path = "Pods/Target Support Files/Pods-Gather/Pods-Gather.release.xcconfig"; sourceTree = "<group>"; };
		EF5460021C1C8ED5D4E459CD /* Pods-GatherUITests.release.xcconfig */ = {isa = PBXFileReference; includeInIndex = 1; lastKnownFileType = text.xcconfig; name = "Pods-GatherUITests.release.xcconfig"; path = "Pods/Target Support Files/Pods-GatherUITests/Pods-GatherUITests.release.xcconfig"; sourceTree = "<group>"; };
		F1302AC746893F1410C670EA /* Pods-Gather.debug.xcconfig */ = {isa = PBXFileReference; includeInIndex = 1; lastKnownFileType = text.xcconfig; name = "Pods-Gather.debug.xcconfig"; path = "Pods/Target Support Files/Pods-Gather/Pods-Gather.debug.xcconfig"; sourceTree = "<group>"; };
/* End PBXFileReference section */

/* Begin PBXFrameworksBuildPhase section */
		189367962068D39A007620CF /* Frameworks */ = {
			isa = PBXFrameworksBuildPhase;
			buildActionMask = 2147483647;
			files = (
				E766DE88175FF7834D500D24 /* libPods-Gather.a in Frameworks */,
			);
			runOnlyForDeploymentPostprocessing = 0;
		};
		189367AE2068D39B007620CF /* Frameworks */ = {
			isa = PBXFrameworksBuildPhase;
			buildActionMask = 2147483647;
			files = (
				BE5D2AAE548A587266B63989 /* libPods-GatherUITests.a in Frameworks */,
			);
			runOnlyForDeploymentPostprocessing = 0;
		};
/* End PBXFrameworksBuildPhase section */

/* Begin PBXGroup section */
		1819A34E207352ED00A1A8A3 /* JMDropMenu */ = {
			isa = PBXGroup;
			children = (
				1819A34F207352ED00A1A8A3 /* JMDropMenu.h */,
				1819A350207352ED00A1A8A3 /* JMDropMenu.m */,
			);
			path = JMDropMenu;
			sourceTree = "<group>";
		};
		182522F5206B37590015FD97 /* Controller */ = {
			isa = PBXGroup;
			children = (
				182522F6206B378D0015FD97 /* TabBarController */,
				18252303206B39720015FD97 /* C */,
				18F671B72071D96800DC794C /* V */,
			);
			path = Controller;
			sourceTree = "<group>";
		};
		182522F6206B378D0015FD97 /* TabBarController */ = {
			isa = PBXGroup;
			children = (
				18252300206B393F0015FD97 /* GatherBarViewController.h */,
				18252301206B393F0015FD97 /* GatherBarViewController.m */,
			);
			path = TabBarController;
			sourceTree = "<group>";
		};
		18252303206B39720015FD97 /* C */ = {
			isa = PBXGroup;
			children = (
				1825230C206B3C1F0015FD97 /* FristTableViewController.h */,
				1825230D206B3C1F0015FD97 /* FristTableViewController.m */,
				1825230E206B3C1F0015FD97 /* FristTableViewController.xib */,
				18252311206B3C370015FD97 /* SecondTableViewController.h */,
				18252312206B3C370015FD97 /* SecondTableViewController.m */,
				18252313206B3C370015FD97 /* SecondTableViewController.xib */,
				18252316206B3C4F0015FD97 /* ThirdTableViewController.h */,
				18252317206B3C4F0015FD97 /* ThirdTableViewController.m */,
				18252318206B3C4F0015FD97 /* ThirdTableViewController.xib */,
				1825231B206B3C6F0015FD97 /* FourthTableViewController.h */,
				1825231C206B3C6F0015FD97 /* FourthTableViewController.m */,
				1825231D206B3C6F0015FD97 /* FourthTableViewController.xib */,
				18F671C02071F5A700DC794C /* 标签（Label） */,
			);
			path = C;
			sourceTree = "<group>";
		};
		183290032074837400919CD5 /* 返回 */ = {
			isa = PBXGroup;
			children = (
				18F13B6620747D27004F6AF4 /* ShowNavViewController.h */,
				18F13B6720747D27004F6AF4 /* ShowNavViewController.m */,
				18F13B6820747D27004F6AF4 /* ShowNavViewController.xib */,
				18F13B6B20747E92004F6AF4 /* CustomNavViewController.h */,
				18F13B6C20747E92004F6AF4 /* CustomNavViewController.m */,
			);
			name = "返回";
			sourceTree = "<group>";
		};
		183290042074991200919CD5 /* Category */ = {
			isa = PBXGroup;
			children = (
				188C44F4207472C30059E675 /* UIView+YwViewFrame.h */,
				188C44F5207472C30059E675 /* UIView+YwViewFrame.m */,
				183290052074996000919CD5 /* UIColor+Random.h */,
				183290062074996000919CD5 /* UIColor+Random.m */,
				1832900B20749A4100919CD5 /* MBProgressHUD+HERO.h */,
				1832900C20749A4100919CD5 /* MBProgressHUD+HERO.m */,
			);
			name = Category;
			sourceTree = "<group>";
		};
		1832900E2074BC3B00919CD5 /* AdvertisingPage */ = {
			isa = PBXGroup;
			children = (
				183290122074BCD700919CD5 /* AdvertisingView.h */,
				183290132074BCD700919CD5 /* AdvertisingView.m */,
			);
			path = AdvertisingPage;
			sourceTree = "<group>";
		};
		1836EEF82071FAA4006FB32B /* Button */ = {
			isa = PBXGroup;
			children = (
				1836EEFB2071FACA006FB32B /* UIBarButtonItem+YWExtension.h */,
				1836EEF92071FACA006FB32B /* UIBarButtonItem+YWExtension.m */,
				1836EEFA2071FACA006FB32B /* UIButton+ButtonTool.h */,
				1836EEFC2071FACA006FB32B /* UIButton+ButtonTool.m */,
			);
			path = Button;
			sourceTree = "<group>";
		};
		189367902068D39A007620CF = {
			isa = PBXGroup;
			children = (
				1893679B2068D39A007620CF /* Gather */,
				189367B42068D39B007620CF /* GatherUITests */,
				1893679A2068D39A007620CF /* Products */,
				41590C3CF56FF3AA55814804 /* Pods */,
				6690934E0EB79D56D7D148D0 /* Frameworks */,
			);
			sourceTree = "<group>";
		};
		1893679A2068D39A007620CF /* Products */ = {
			isa = PBXGroup;
			children = (
				189367992068D39A007620CF /* Gather.app */,
				189367B12068D39B007620CF /* GatherUITests.xctest */,
			);
			name = Products;
			sourceTree = "<group>";
		};
		1893679B2068D39A007620CF /* Gather */ = {
			isa = PBXGroup;
			children = (
				18CF82742069DAEB00236F08 /* Main */,
				18CF82822069E78700236F08 /* GatherThreePaty */,
				18CF82832069E78700236F08 /* GatherTools */,
				18CF82752069DB1500236F08 /* GatherBase */,
				182522F5206B37590015FD97 /* Controller */,
			);
			path = Gather;
			sourceTree = "<group>";
		};
		189367B42068D39B007620CF /* GatherUITests */ = {
			isa = PBXGroup;
			children = (
				189367B52068D39B007620CF /* GatherUITests.m */,
				189367B72068D39B007620CF /* Info.plist */,
			);
			path = GatherUITests;
			sourceTree = "<group>";
		};
		18CF82742069DAEB00236F08 /* Main */ = {
			isa = PBXGroup;
			children = (
				1893679C2068D39A007620CF /* AppDelegate.h */,
				1893679D2068D39A007620CF /* AppDelegate.m */,
				189367A22068D39A007620CF /* Main.storyboard */,
				189367A52068D39A007620CF /* Assets.xcassets */,
				189367A72068D39A007620CF /* LaunchScreen.storyboard */,
				189367AA2068D39A007620CF /* Info.plist */,
				189367AB2068D39A007620CF /* main.m */,
				18CF82882069ED7600236F08 /* PCH */,
			);
			name = Main;
			sourceTree = "<group>";
		};
		18CF82752069DB1500236F08 /* GatherBase */ = {
			isa = PBXGroup;
			children = (
				18CF82792069DB5400236F08 /* GatherController */,
				18CF82772069DB5400236F08 /* GatherView */,
				18CF828F2069F8EC00236F08 /* GatherModel */,
			);
			path = GatherBase;
			sourceTree = "<group>";
		};
		18CF82772069DB5400236F08 /* GatherView */ = {
			isa = PBXGroup;
			children = (
				18CF827C2069DC1D00236F08 /* GatherBaseView.h */,
				18CF827D2069DC1D00236F08 /* GatherBaseView.m */,
				18F671B82071D9AC00DC794C /* GatherBaseTableViewCell.h */,
				18F671B92071D9AC00DC794C /* GatherBaseTableViewCell.m */,
				18F671BB2071DA0300DC794C /* ClassifyTableViewCell.h */,
				18F671BC2071DA0300DC794C /* ClassifyTableViewCell.m */,
				18F671BD2071DA0300DC794C /* ClassifyTableViewCell.xib */,
			);
			path = GatherView;
			sourceTree = "<group>";
		};
		18CF82792069DB5400236F08 /* GatherController */ = {
			isa = PBXGroup;
			children = (
				183290192074C91F00919CD5 /* GuideViewController.h */,
				1832901A2074C92000919CD5 /* GuideViewController.m */,
				18CF827F2069DC3C00236F08 /* GatherBaseViewController.h */,
				18CF82802069DC3C00236F08 /* GatherBaseViewController.m */,
				182522F7206B38350015FD97 /* GatherBaseTableViewController.h */,
				182522F8206B38350015FD97 /* GatherBaseTableViewController.m */,
				182522FA206B38510015FD97 /* GatherBaseCollectionViewController.h */,
				182522FB206B38510015FD97 /* GatherBaseCollectionViewController.m */,
				182522FD206B38880015FD97 /* GatherBaseTabBarController.h */,
				182522FE206B38880015FD97 /* GatherBaseTabBarController.m */,
			);
			path = GatherController;
			sourceTree = "<group>";
		};
		18CF82822069E78700236F08 /* GatherThreePaty */ = {
			isa = PBXGroup;
			children = (
			);
			path = GatherThreePaty;
			sourceTree = "<group>";
		};
		18CF82832069E78700236F08 /* GatherTools */ = {
			isa = PBXGroup;
			children = (
				183290042074991200919CD5 /* Category */,
				1819A34E207352ED00A1A8A3 /* JMDropMenu */,
				1836EEF82071FAA4006FB32B /* Button */,
				18CF82842069E79900236F08 /* POP返回 */,
			);
			path = GatherTools;
			sourceTree = "<group>";
		};
		18CF82842069E79900236F08 /* POP返回 */ = {
			isa = PBXGroup;
			children = (
				18CF828C2069F42F00236F08 /* UINavigationController+FDFullscreenPopGesture.h */,
				18CF828D2069F42F00236F08 /* UINavigationController+FDFullscreenPopGesture.m */,
			);
			name = "POP返回";
			sourceTree = "<group>";
		};
		18CF82882069ED7600236F08 /* PCH */ = {
			isa = PBXGroup;
			children = (
				18CF82892069ED9900236F08 /* GatherAppHeader.pch */,
				18CF828A2069F28300236F08 /* NetWorkHeader.pch */,
				18CF828B2069F2AE00236F08 /* YWMacros.pch */,
			);
			path = PCH;
			sourceTree = "<group>";
		};
		18CF828F2069F8EC00236F08 /* GatherModel */ = {
			isa = PBXGroup;
			children = (
			);
			path = GatherModel;
			sourceTree = "<group>";
		};
		18F671B72071D96800DC794C /* V */ = {
			isa = PBXGroup;
			children = (
				1832900E2074BC3B00919CD5 /* AdvertisingPage */,
			);
			name = V;
			sourceTree = "<group>";
		};
		18F671C02071F5A700DC794C /* 标签（Label） */ = {
			isa = PBXGroup;
			children = (
				183290032074837400919CD5 /* 返回 */,
				18252307206B3C010015FD97 /* BasisTableViewController.h */,
				18252308206B3C010015FD97 /* BasisTableViewController.m */,
				18252309206B3C010015FD97 /* BasisTableViewController.xib */,
				1836EEF52071F68A006FB32B /* LabelAttributedStringViewController.h */,
				1836EEF62071F68A006FB32B /* LabelAttributedStringViewController.m */,
				188C44F720747C230059E675 /* POPTableViewController.h */,
				188C44F820747C230059E675 /* POPTableViewController.m */,
			);
			name = "标签（Label）";
			sourceTree = "<group>";
		};
		41590C3CF56FF3AA55814804 /* Pods */ = {
			isa = PBXGroup;
			children = (
				F1302AC746893F1410C670EA /* Pods-Gather.debug.xcconfig */,
				DBD2CE4B5E37486C75DABC65 /* Pods-Gather.release.xcconfig */,
				66AA26D298B30234E2B3C3EE /* Pods-GatherUITests.debug.xcconfig */,
				EF5460021C1C8ED5D4E459CD /* Pods-GatherUITests.release.xcconfig */,
			);
			name = Pods;
			sourceTree = "<group>";
		};
		6690934E0EB79D56D7D148D0 /* Frameworks */ = {
			isa = PBXGroup;
			children = (
				47A80CCA4ACA27D50D127607 /* libPods-Gather.a */,
				779C4EFB96A019BDD94B154D /* libPods-GatherUITests.a */,
			);
			name = Frameworks;
			sourceTree = "<group>";
		};
/* End PBXGroup section */

/* Begin PBXNativeTarget section */
		189367982068D39A007620CF /* Gather */ = {
			isa = PBXNativeTarget;
			buildConfigurationList = 189367BA2068D39B007620CF /* Build configuration list for PBXNativeTarget "Gather" */;
			buildPhases = (
				8C098195DB83E37FED37041E /* [CP] Check Pods Manifest.lock */,
				189367952068D39A007620CF /* Sources */,
				189367962068D39A007620CF /* Frameworks */,
				189367972068D39A007620CF /* Resources */,
				DB3626F00580921035189F21 /* [CP] Embed Pods Frameworks */,
				AA60C2F632B9550422E579A2 /* [CP] Copy Pods Resources */,
			);
			buildRules = (
			);
			dependencies = (
			);
			name = Gather;
			productName = Gather;
			productReference = 189367992068D39A007620CF /* Gather.app */;
			productType = "com.apple.product-type.application";
		};
		189367B02068D39B007620CF /* GatherUITests */ = {
			isa = PBXNativeTarget;
			buildConfigurationList = 189367BD2068D39B007620CF /* Build configuration list for PBXNativeTarget "GatherUITests" */;
			buildPhases = (
				7F8E845FAA86560E37E0C07E /* [CP] Check Pods Manifest.lock */,
				189367AD2068D39B007620CF /* Sources */,
				189367AE2068D39B007620CF /* Frameworks */,
				189367AF2068D39B007620CF /* Resources */,
				9F0CF95CE6918C4EE12475E3 /* [CP] Embed Pods Frameworks */,
				7D0047803CBF4DB324C03EE4 /* [CP] Copy Pods Resources */,
			);
			buildRules = (
			);
			dependencies = (
				189367B32068D39B007620CF /* PBXTargetDependency */,
			);
			name = GatherUITests;
			productName = GatherUITests;
			productReference = 189367B12068D39B007620CF /* GatherUITests.xctest */;
			productType = "com.apple.product-type.bundle.ui-testing";
		};
/* End PBXNativeTarget section */

/* Begin PBXProject section */
		189367912068D39A007620CF /* Project object */ = {
			isa = PBXProject;
			attributes = {
				LastUpgradeCheck = 0920;
				ORGANIZATIONNAME = Apple;
				TargetAttributes = {
					189367982068D39A007620CF = {
						CreatedOnToolsVersion = 9.2;
						ProvisioningStyle = Automatic;
					};
					189367B02068D39B007620CF = {
						CreatedOnToolsVersion = 9.2;
						ProvisioningStyle = Automatic;
						TestTargetID = 189367982068D39A007620CF;
					};
				};
			};
			buildConfigurationList = 189367942068D39A007620CF /* Build configuration list for PBXProject "Gather" */;
			compatibilityVersion = "Xcode 8.0";
			developmentRegion = en;
			hasScannedForEncodings = 0;
			knownRegions = (
				en,
				Base,
			);
			mainGroup = 189367902068D39A007620CF;
			productRefGroup = 1893679A2068D39A007620CF /* Products */;
			projectDirPath = "";
			projectRoot = "";
			targets = (
				189367982068D39A007620CF /* Gather */,
				189367B02068D39B007620CF /* GatherUITests */,
			);
		};
/* End PBXProject section */

/* Begin PBXResourcesBuildPhase section */
		189367972068D39A007620CF /* Resources */ = {
			isa = PBXResourcesBuildPhase;
			buildActionMask = 2147483647;
			files = (
				189367A92068D39A007620CF /* LaunchScreen.storyboard in Resources */,
				18252315206B3C370015FD97 /* SecondTableViewController.xib in Resources */,
				189367A62068D39A007620CF /* Assets.xcassets in Resources */,
				18F671BF2071DA0300DC794C /* ClassifyTableViewCell.xib in Resources */,
				1825231A206B3C4F0015FD97 /* ThirdTableViewController.xib in Resources */,
				1825230B206B3C010015FD97 /* BasisTableViewController.xib in Resources */,
				1825231F206B3C6F0015FD97 /* FourthTableViewController.xib in Resources */,
				18252310206B3C1F0015FD97 /* FristTableViewController.xib in Resources */,
				189367A42068D39A007620CF /* Main.storyboard in Resources */,
				18F13B6A20747D27004F6AF4 /* ShowNavViewController.xib in Resources */,
			);
			runOnlyForDeploymentPostprocessing = 0;
		};
		189367AF2068D39B007620CF /* Resources */ = {
			isa = PBXResourcesBuildPhase;
			buildActionMask = 2147483647;
			files = (
			);
			runOnlyForDeploymentPostprocessing = 0;
		};
/* End PBXResourcesBuildPhase section */

/* Begin PBXShellScriptBuildPhase section */
		7D0047803CBF4DB324C03EE4 /* [CP] Copy Pods Resources */ = {
			isa = PBXShellScriptBuildPhase;
			buildActionMask = 2147483647;
			files = (
			);
			inputPaths = (
			);
			name = "[CP] Copy Pods Resources";
			outputPaths = (
			);
			runOnlyForDeploymentPostprocessing = 0;
			shellPath = /bin/sh;
			shellScript = "\"${SRCROOT}/Pods/Target Support Files/Pods-GatherUITests/Pods-GatherUITests-resources.sh\"\n";
			showEnvVarsInLog = 0;
		};
		7F8E845FAA86560E37E0C07E /* [CP] Check Pods Manifest.lock */ = {
			isa = PBXShellScriptBuildPhase;
			buildActionMask = 2147483647;
			files = (
			);
			inputPaths = (
				"${PODS_PODFILE_DIR_PATH}/Podfile.lock",
				"${PODS_ROOT}/Manifest.lock",
			);
			name = "[CP] Check Pods Manifest.lock";
			outputPaths = (
				"$(DERIVED_FILE_DIR)/Pods-GatherUITests-checkManifestLockResult.txt",
			);
			runOnlyForDeploymentPostprocessing = 0;
			shellPath = /bin/sh;
			shellScript = "diff \"${PODS_PODFILE_DIR_PATH}/Podfile.lock\" \"${PODS_ROOT}/Manifest.lock\" > /dev/null\nif [ $? != 0 ] ; then\n    # print error to STDERR\n    echo \"error: The sandbox is not in sync with the Podfile.lock. Run 'pod install' or update your CocoaPods installation.\" >&2\n    exit 1\nfi\n# This output is used by Xcode 'outputs' to avoid re-running this script phase.\necho \"SUCCESS\" > \"${SCRIPT_OUTPUT_FILE_0}\"\n";
			showEnvVarsInLog = 0;
		};
		8C098195DB83E37FED37041E /* [CP] Check Pods Manifest.lock */ = {
			isa = PBXShellScriptBuildPhase;
			buildActionMask = 2147483647;
			files = (
			);
			inputPaths = (
				"${PODS_PODFILE_DIR_PATH}/Podfile.lock",
				"${PODS_ROOT}/Manifest.lock",
			);
			name = "[CP] Check Pods Manifest.lock";
			outputPaths = (
				"$(DERIVED_FILE_DIR)/Pods-Gather-checkManifestLockResult.txt",
			);
			runOnlyForDeploymentPostprocessing = 0;
			shellPath = /bin/sh;
			shellScript = "diff \"${PODS_PODFILE_DIR_PATH}/Podfile.lock\" \"${PODS_ROOT}/Manifest.lock\" > /dev/null\nif [ $? != 0 ] ; then\n    # print error to STDERR\n    echo \"error: The sandbox is not in sync with the Podfile.lock. Run 'pod install' or update your CocoaPods installation.\" >&2\n    exit 1\nfi\n# This output is used by Xcode 'outputs' to avoid re-running this script phase.\necho \"SUCCESS\" > \"${SCRIPT_OUTPUT_FILE_0}\"\n";
			showEnvVarsInLog = 0;
		};
		9F0CF95CE6918C4EE12475E3 /* [CP] Embed Pods Frameworks */ = {
			isa = PBXShellScriptBuildPhase;
			buildActionMask = 2147483647;
			files = (
			);
			inputPaths = (
			);
			name = "[CP] Embed Pods Frameworks";
			outputPaths = (
			);
			runOnlyForDeploymentPostprocessing = 0;
			shellPath = /bin/sh;
			shellScript = "\"${SRCROOT}/Pods/Target Support Files/Pods-GatherUITests/Pods-GatherUITests-frameworks.sh\"\n";
			showEnvVarsInLog = 0;
		};
		AA60C2F632B9550422E579A2 /* [CP] Copy Pods Resources */ = {
			isa = PBXShellScriptBuildPhase;
			buildActionMask = 2147483647;
			files = (
			);
			inputPaths = (
				"${SRCROOT}/Pods/Target Support Files/Pods-Gather/Pods-Gather-resources.sh",
				"${PODS_ROOT}/LBXScan/LBXScan/UI/CodeScan.bundle",
				"${PODS_ROOT}/ZBarSDK/iphone/res/zbar-back.png",
				"${PODS_ROOT}/ZBarSDK/iphone/res/zbar-help.html",
				"${PODS_ROOT}/ZBarSDK/iphone/res/zbar-helpicons.png",
				"${PODS_ROOT}/ZBarSDK/iphone/res/zbar-samples.png",
			);
			name = "[CP] Copy Pods Resources";
			outputPaths = (
				"${TARGET_BUILD_DIR}/${UNLOCALIZED_RESOURCES_FOLDER_PATH}/CodeScan.bundle",
				"${TARGET_BUILD_DIR}/${UNLOCALIZED_RESOURCES_FOLDER_PATH}/zbar-back.png",
				"${TARGET_BUILD_DIR}/${UNLOCALIZED_RESOURCES_FOLDER_PATH}/zbar-help.html",
				"${TARGET_BUILD_DIR}/${UNLOCALIZED_RESOURCES_FOLDER_PATH}/zbar-helpicons.png",
				"${TARGET_BUILD_DIR}/${UNLOCALIZED_RESOURCES_FOLDER_PATH}/zbar-samples.png",
			);
			runOnlyForDeploymentPostprocessing = 0;
			shellPath = /bin/sh;
			shellScript = "\"${SRCROOT}/Pods/Target Support Files/Pods-Gather/Pods-Gather-resources.sh\"\n";
			showEnvVarsInLog = 0;
		};
		DB3626F00580921035189F21 /* [CP] Embed Pods Frameworks */ = {
			isa = PBXShellScriptBuildPhase;
			buildActionMask = 2147483647;
			files = (
			);
			inputPaths = (
			);
			name = "[CP] Embed Pods Frameworks";
			outputPaths = (
			);
			runOnlyForDeploymentPostprocessing = 0;
			shellPath = /bin/sh;
			shellScript = "\"${SRCROOT}/Pods/Target Support Files/Pods-Gather/Pods-Gather-frameworks.sh\"\n";
			showEnvVarsInLog = 0;
		};
/* End PBXShellScriptBuildPhase section */

/* Begin PBXSourcesBuildPhase section */
		189367952068D39A007620CF /* Sources */ = {
			isa = PBXSourcesBuildPhase;
			buildActionMask = 2147483647;
			files = (
				1836EEF72071F68A006FB32B /* LabelAttributedStringViewController.m in Sources */,
				1832901B2074C92000919CD5 /* GuideViewController.m in Sources */,
				182522FC206B38510015FD97 /* GatherBaseCollectionViewController.m in Sources */,
				18CF828E2069F42F00236F08 /* UINavigationController+FDFullscreenPopGesture.m in Sources */,
				182522F9206B38350015FD97 /* GatherBaseTableViewController.m in Sources */,
				1832900D20749A4100919CD5 /* MBProgressHUD+HERO.m in Sources */,
				18F671BE2071DA0300DC794C /* ClassifyTableViewCell.m in Sources */,
				18F13B6D20747E92004F6AF4 /* CustomNavViewController.m in Sources */,
				183290142074BCD700919CD5 /* AdvertisingView.m in Sources */,
				1819A351207352ED00A1A8A3 /* JMDropMenu.m in Sources */,
				188C44F920747C230059E675 /* POPTableViewController.m in Sources */,
				18CF827E2069DC1D00236F08 /* GatherBaseView.m in Sources */,
				1825230A206B3C010015FD97 /* BasisTableViewController.m in Sources */,
				18252314206B3C370015FD97 /* SecondTableViewController.m in Sources */,
				1836EEFD2071FACA006FB32B /* UIBarButtonItem+YWExtension.m in Sources */,
				18252319206B3C4F0015FD97 /* ThirdTableViewController.m in Sources */,
				183290072074996000919CD5 /* UIColor+Random.m in Sources */,
				1825231E206B3C6F0015FD97 /* FourthTableViewController.m in Sources */,
				18CF82812069DC3C00236F08 /* GatherBaseViewController.m in Sources */,
				1836EEFE2071FACA006FB32B /* UIButton+ButtonTool.m in Sources */,
				18252302206B393F0015FD97 /* GatherBarViewController.m in Sources */,
				189367AC2068D39A007620CF /* main.m in Sources */,
				18F671BA2071D9AC00DC794C /* GatherBaseTableViewCell.m in Sources */,
				1825230F206B3C1F0015FD97 /* FristTableViewController.m in Sources */,
				182522FF206B38880015FD97 /* GatherBaseTabBarController.m in Sources */,
				1893679E2068D39A007620CF /* AppDelegate.m in Sources */,
				188C44F6207472C30059E675 /* UIView+YwViewFrame.m in Sources */,
				18F13B6920747D27004F6AF4 /* ShowNavViewController.m in Sources */,
			);
			runOnlyForDeploymentPostprocessing = 0;
		};
		189367AD2068D39B007620CF /* Sources */ = {
			isa = PBXSourcesBuildPhase;
			buildActionMask = 2147483647;
			files = (
				189367B62068D39B007620CF /* GatherUITests.m in Sources */,
			);
			runOnlyForDeploymentPostprocessing = 0;
		};
/* End PBXSourcesBuildPhase section */

/* Begin PBXTargetDependency section */
		189367B32068D39B007620CF /* PBXTargetDependency */ = {
			isa = PBXTargetDependency;
			target = 189367982068D39A007620CF /* Gather */;
			targetProxy = 189367B22068D39B007620CF /* PBXContainerItemProxy */;
		};
/* End PBXTargetDependency section */

/* Begin PBXVariantGroup section */
		189367A22068D39A007620CF /* Main.storyboard */ = {
			isa = PBXVariantGroup;
			children = (
				189367A32068D39A007620CF /* Base */,
			);
			name = Main.storyboard;
			sourceTree = "<group>";
		};
		189367A72068D39A007620CF /* LaunchScreen.storyboard */ = {
			isa = PBXVariantGroup;
			children = (
				189367A82068D39A007620CF /* Base */,
			);
			name = LaunchScreen.storyboard;
			sourceTree = "<group>";
		};
/* End PBXVariantGroup section */

/* Begin XCBuildConfiguration section */
		189367B82068D39B007620CF /* Debug */ = {
			isa = XCBuildConfiguration;
			buildSettings = {
				ALWAYS_SEARCH_USER_PATHS = NO;
				CLANG_ANALYZER_NONNULL = YES;
				CLANG_ANALYZER_NUMBER_OBJECT_CONVERSION = YES_AGGRESSIVE;
				CLANG_CXX_LANGUAGE_STANDARD = "gnu++14";
				CLANG_CXX_LIBRARY = "libc++";
				CLANG_ENABLE_MODULES = YES;
				CLANG_ENABLE_OBJC_ARC = YES;
				CLANG_WARN_BLOCK_CAPTURE_AUTORELEASING = YES;
				CLANG_WARN_BOOL_CONVERSION = YES;
				CLANG_WARN_COMMA = YES;
				CLANG_WARN_CONSTANT_CONVERSION = YES;
				CLANG_WARN_DIRECT_OBJC_ISA_USAGE = YES_ERROR;
				CLANG_WARN_DOCUMENTATION_COMMENTS = YES;
				CLANG_WARN_EMPTY_BODY = YES;
				CLANG_WARN_ENUM_CONVERSION = YES;
				CLANG_WARN_INFINITE_RECURSION = YES;
				CLANG_WARN_INT_CONVERSION = YES;
				CLANG_WARN_NON_LITERAL_NULL_CONVERSION = YES;
				CLANG_WARN_OBJC_LITERAL_CONVERSION = YES;
				CLANG_WARN_OBJC_ROOT_CLASS = YES_ERROR;
				CLANG_WARN_RANGE_LOOP_ANALYSIS = YES;
				CLANG_WARN_STRICT_PROTOTYPES = YES;
				CLANG_WARN_SUSPICIOUS_MOVE = YES;
				CLANG_WARN_UNGUARDED_AVAILABILITY = YES_AGGRESSIVE;
				CLANG_WARN_UNREACHABLE_CODE = YES;
				CLANG_WARN__DUPLICATE_METHOD_MATCH = YES;
				CODE_SIGN_IDENTITY = "iPhone Developer";
				COPY_PHASE_STRIP = NO;
				DEBUG_INFORMATION_FORMAT = dwarf;
				ENABLE_STRICT_OBJC_MSGSEND = YES;
				ENABLE_TESTABILITY = YES;
				GCC_C_LANGUAGE_STANDARD = gnu11;
				GCC_DYNAMIC_NO_PIC = NO;
				GCC_NO_COMMON_BLOCKS = YES;
				GCC_OPTIMIZATION_LEVEL = 0;
				GCC_PREPROCESSOR_DEFINITIONS = (
					"DEBUG=1",
					"$(inherited)",
				);
				GCC_WARN_64_TO_32_BIT_CONVERSION = YES;
				GCC_WARN_ABOUT_RETURN_TYPE = YES_ERROR;
				GCC_WARN_UNDECLARED_SELECTOR = YES;
				GCC_WARN_UNINITIALIZED_AUTOS = YES_AGGRESSIVE;
				GCC_WARN_UNUSED_FUNCTION = YES;
				GCC_WARN_UNUSED_VARIABLE = YES;
				IPHONEOS_DEPLOYMENT_TARGET = 11.2;
				MTL_ENABLE_DEBUG_INFO = YES;
				ONLY_ACTIVE_ARCH = YES;
				SDKROOT = iphoneos;
			};
			name = Debug;
		};
		189367B92068D39B007620CF /* Release */ = {
			isa = XCBuildConfiguration;
			buildSettings = {
				ALWAYS_SEARCH_USER_PATHS = NO;
				CLANG_ANALYZER_NONNULL = YES;
				CLANG_ANALYZER_NUMBER_OBJECT_CONVERSION = YES_AGGRESSIVE;
				CLANG_CXX_LANGUAGE_STANDARD = "gnu++14";
				CLANG_CXX_LIBRARY = "libc++";
				CLANG_ENABLE_MODULES = YES;
				CLANG_ENABLE_OBJC_ARC = YES;
				CLANG_WARN_BLOCK_CAPTURE_AUTORELEASING = YES;
				CLANG_WARN_BOOL_CONVERSION = YES;
				CLANG_WARN_COMMA = YES;
				CLANG_WARN_CONSTANT_CONVERSION = YES;
				CLANG_WARN_DIRECT_OBJC_ISA_USAGE = YES_ERROR;
				CLANG_WARN_DOCUMENTATION_COMMENTS = YES;
				CLANG_WARN_EMPTY_BODY = YES;
				CLANG_WARN_ENUM_CONVERSION = YES;
				CLANG_WARN_INFINITE_RECURSION = YES;
				CLANG_WARN_INT_CONVERSION = YES;
				CLANG_WARN_NON_LITERAL_NULL_CONVERSION = YES;
				CLANG_WARN_OBJC_LITERAL_CONVERSION = YES;
				CLANG_WARN_OBJC_ROOT_CLASS = YES_ERROR;
				CLANG_WARN_RANGE_LOOP_ANALYSIS = YES;
				CLANG_WARN_STRICT_PROTOTYPES = YES;
				CLANG_WARN_SUSPICIOUS_MOVE = YES;
				CLANG_WARN_UNGUARDED_AVAILABILITY = YES_AGGRESSIVE;
				CLANG_WARN_UNREACHABLE_CODE = YES;
				CLANG_WARN__DUPLICATE_METHOD_MATCH = YES;
				CODE_SIGN_IDENTITY = "iPhone Developer";
				COPY_PHASE_STRIP = NO;
				DEBUG_INFORMATION_FORMAT = "dwarf-with-dsym";
				ENABLE_NS_ASSERTIONS = NO;
				ENABLE_STRICT_OBJC_MSGSEND = YES;
				GCC_C_LANGUAGE_STANDARD = gnu11;
				GCC_NO_COMMON_BLOCKS = YES;
				GCC_WARN_64_TO_32_BIT_CONVERSION = YES;
				GCC_WARN_ABOUT_RETURN_TYPE = YES_ERROR;
				GCC_WARN_UNDECLARED_SELECTOR = YES;
				GCC_WARN_UNINITIALIZED_AUTOS = YES_AGGRESSIVE;
				GCC_WARN_UNUSED_FUNCTION = YES;
				GCC_WARN_UNUSED_VARIABLE = YES;
				IPHONEOS_DEPLOYMENT_TARGET = 11.2;
				MTL_ENABLE_DEBUG_INFO = NO;
				SDKROOT = iphoneos;
				VALIDATE_PRODUCT = YES;
			};
			name = Release;
		};
		189367BB2068D39B007620CF /* Debug */ = {
			isa = XCBuildConfiguration;
			baseConfigurationReference = F1302AC746893F1410C670EA /* Pods-Gather.debug.xcconfig */;
			buildSettings = {
				ASSETCATALOG_COMPILER_APPICON_NAME = AppIcon;
				ASSETCATALOG_COMPILER_LAUNCHIMAGE_NAME = LaunchImage;
				CODE_SIGN_STYLE = Automatic;
				DEVELOPMENT_TEAM = W484MABT73;
				GCC_PREFIX_HEADER = "$(SRCROOT)/Gather/PCH/GatherAppHeader.pch";
				INFOPLIST_FILE = Gather/Info.plist;
				IPHONEOS_DEPLOYMENT_TARGET = 9.0;
				LD_RUNPATH_SEARCH_PATHS = "$(inherited) @executable_path/Frameworks";
				PRODUCT_BUNDLE_IDENTIFIER = com.youhu.net.Gather;
				PRODUCT_NAME = "$(TARGET_NAME)";
				TARGETED_DEVICE_FAMILY = 1;
			};
			name = Debug;
		};
		189367BC2068D39B007620CF /* Release */ = {
			isa = XCBuildConfiguration;
			baseConfigurationReference = DBD2CE4B5E37486C75DABC65 /* Pods-Gather.release.xcconfig */;
			buildSettings = {
				ASSETCATALOG_COMPILER_APPICON_NAME = AppIcon;
				ASSETCATALOG_COMPILER_LAUNCHIMAGE_NAME = LaunchImage;
				CODE_SIGN_STYLE = Automatic;
				DEVELOPMENT_TEAM = W484MABT73;
				GCC_PREFIX_HEADER = "$(SRCROOT)/Gather/PCH/GatherAppHeader.pch";
				INFOPLIST_FILE = Gather/Info.plist;
				IPHONEOS_DEPLOYMENT_TARGET = 9.0;
				LD_RUNPATH_SEARCH_PATHS = "$(inherited) @executable_path/Frameworks";
				PRODUCT_BUNDLE_IDENTIFIER = com.youhu.net.Gather;
				PRODUCT_NAME = "$(TARGET_NAME)";
				TARGETED_DEVICE_FAMILY = 1;
			};
			name = Release;
		};
		189367BE2068D39B007620CF /* Debug */ = {
			isa = XCBuildConfiguration;
			baseConfigurationReference = 66AA26D298B30234E2B3C3EE /* Pods-GatherUITests.debug.xcconfig */;
			buildSettings = {
				CODE_SIGN_STYLE = Automatic;
				DEVELOPMENT_TEAM = W484MABT73;
				INFOPLIST_FILE = GatherUITests/Info.plist;
				LD_RUNPATH_SEARCH_PATHS = "$(inherited) @executable_path/Frameworks @loader_path/Frameworks";
				PRODUCT_BUNDLE_IDENTIFIER = com.youhu.net.GatherUITests;
				PRODUCT_NAME = "$(TARGET_NAME)";
				TARGETED_DEVICE_FAMILY = "1,2";
				TEST_TARGET_NAME = Gather;
			};
			name = Debug;
		};
		189367BF2068D39B007620CF /* Release */ = {
			isa = XCBuildConfiguration;
			baseConfigurationReference = EF5460021C1C8ED5D4E459CD /* Pods-GatherUITests.release.xcconfig */;
			buildSettings = {
				CODE_SIGN_STYLE = Automatic;
				DEVELOPMENT_TEAM = W484MABT73;
				INFOPLIST_FILE = GatherUITests/Info.plist;
				LD_RUNPATH_SEARCH_PATHS = "$(inherited) @executable_path/Frameworks @loader_path/Frameworks";
				PRODUCT_BUNDLE_IDENTIFIER = com.youhu.net.GatherUITests;
				PRODUCT_NAME = "$(TARGET_NAME)";
				TARGETED_DEVICE_FAMILY = "1,2";
				TEST_TARGET_NAME = Gather;
			};
			name = Release;
		};
/* End XCBuildConfiguration section */

/* Begin XCConfigurationList section */
		189367942068D39A007620CF /* Build configuration list for PBXProject "Gather" */ = {
			isa = XCConfigurationList;
			buildConfigurations = (
				189367B82068D39B007620CF /* Debug */,
				189367B92068D39B007620CF /* Release */,
			);
			defaultConfigurationIsVisible = 0;
			defaultConfigurationName = Release;
		};
		189367BA2068D39B007620CF /* Build configuration list for PBXNativeTarget "Gather" */ = {
			isa = XCConfigurationList;
			buildConfigurations = (
				189367BB2068D39B007620CF /* Debug */,
				189367BC2068D39B007620CF /* Release */,
			);
			defaultConfigurationIsVisible = 0;
			defaultConfigurationName = Release;
		};
		189367BD2068D39B007620CF /* Build configuration list for PBXNativeTarget "GatherUITests" */ = {
			isa = XCConfigurationList;
			buildConfigurations = (
				189367BE2068D39B007620CF /* Debug */,
				189367BF2068D39B007620CF /* Release */,
			);
			defaultConfigurationIsVisible = 0;
			defaultConfigurationName = Release;
		};
/* End XCConfigurationList section */
	};
	rootObject = 189367912068D39A007620CF /* Project object */;
}
